
Microsoft Visual Studio Solution File, Format Version 12.00
# Visual Studio 2013
VisualStudioVersion = 12.0.30110.0
MinimumVisualStudioVersion = 10.0.40219.1
Project("{2150E333-8FDC-42A3-9474-1A3956D46DE8}") = "ClientNotifications", "ClientNotifications", "{78ACC352-C471-44F4-86FA-90EEE6CA1F19}"
EndProject
Project("{2150E333-8FDC-42A3-9474-1A3956D46DE8}") = "Common", "Common", "{DC09898F-EB83-4646-A0C4-BB6318D3DBAE}"
EndProject
Project("{2150E333-8FDC-42A3-9474-1A3956D46DE8}") = "Host", "Host", "{FDA32DCD-44C2-4DBB-8FF5-6A58C145747C}"
EndProject
Project("{2150E333-8FDC-42A3-9474-1A3956D46DE8}") = "Services", "Services", "{7194C7B6-B26F-461B-B05F-E2DD779F0380}"
EndProject
Project("{2150E333-8FDC-42A3-9474-1A3956D46DE8}") = "Crm", "Crm", "{18DBA1E5-3008-4CE4-B3E7-EE449C74909F}"
EndProject
Project("{2150E333-8FDC-42A3-9474-1A3956D46DE8}") = "Payment", "Payment", "{02329D56-63CF-46BE-B7E7-374EE13E34B9}"
EndProject
Project("{2150E333-8FDC-42A3-9474-1A3956D46DE8}") = "Pricing", "Pricing", "{82B80CC9-73CC-46A4-BFD0-992E730C9A06}"
EndProject
Project("{2150E333-8FDC-42A3-9474-1A3956D46DE8}") = "Shows", "Shows", "{7B085EFF-748E-4F04-8B71-D5A0480694E6}"
EndProject
Project("{2150E333-8FDC-42A3-9474-1A3956D46DE8}") = "Ticketing", "Ticketing", "{59E74809-0470-4C0D-A1FE-1D725F31ADE0}"
EndProject
Project("{2150E333-8FDC-42A3-9474-1A3956D46DE8}") = "BusinessLogic", "BusinessLogic", "{3ECE6E54-C14F-4400-9311-224A1DFECB12}"
EndProject
Project("{2150E333-8FDC-42A3-9474-1A3956D46DE8}") = "Contracts", "Contracts", "{853709BD-32CF-4BA9-92EA-B2CBAA0B5960}"
EndProject
Project("{2150E333-8FDC-42A3-9474-1A3956D46DE8}") = "DataAccess", "DataAccess", "{E22F8A07-030E-40E7-A213-06BDE26541F8}"
EndProject
Project("{2150E333-8FDC-42A3-9474-1A3956D46DE8}") = "BusinessLogic", "BusinessLogic", "{CE414541-A660-4B21-A12F-B7B32986475F}"
EndProject
Project("{2150E333-8FDC-42A3-9474-1A3956D46DE8}") = "BusinessLogic", "BusinessLogic", "{B74202EF-F5A9-4713-90E8-0965DFA77E3D}"
EndProject
Project("{2150E333-8FDC-42A3-9474-1A3956D46DE8}") = "BusinessLogic", "BusinessLogic", "{CEE09D3B-0063-40FE-AAB0-CBDE2BDD091D}"
EndProject
Project("{2150E333-8FDC-42A3-9474-1A3956D46DE8}") = "BusinessLogic", "BusinessLogic", "{E9CB2E17-48B5-4691-8D12-2D4EAEE2D85B}"
EndProject
Project("{2150E333-8FDC-42A3-9474-1A3956D46DE8}") = "Contracts", "Contracts", "{4C445136-03F6-44AC-9D33-9653D35801FE}"
EndProject
Project("{2150E333-8FDC-42A3-9474-1A3956D46DE8}") = "Contracts", "Contracts", "{E36A0CF0-EE5D-4B6C-8A88-31889E5EBFDF}"
EndProject
Project("{2150E333-8FDC-42A3-9474-1A3956D46DE8}") = "Contracts", "Contracts", "{CBDF1D3E-DEDB-4EF0-9418-0158F53C990D}"
EndProject
Project("{2150E333-8FDC-42A3-9474-1A3956D46DE8}") = "Contracts", "Contracts", "{721C9E90-8C21-4784-A767-DE733181EAD8}"
EndProject
Project("{2150E333-8FDC-42A3-9474-1A3956D46DE8}") = "DataAccess", "DataAccess", "{B0B17E11-99CC-4561-84D2-163ADE948BCA}"
EndProject
Project("{2150E333-8FDC-42A3-9474-1A3956D46DE8}") = "DataAccess", "DataAccess", "{66D0DF69-CE64-4044-9637-407F052F1702}"
EndProject
Project("{2150E333-8FDC-42A3-9474-1A3956D46DE8}") = "DataAccess", "DataAccess", "{4031A224-D98C-4FF3-A563-A19A2288FC4C}"
EndProject
Project("{2150E333-8FDC-42A3-9474-1A3956D46DE8}") = "DataAccess", "DataAccess", "{B9DDA714-991A-4151-8E62-F683B1F85D48}"
EndProject
Project("{2150E333-8FDC-42A3-9474-1A3956D46DE8}") = "CurrencyExchange", "CurrencyExchange", "{BE8C19FE-D360-493C-9FA9-D07F714D6806}"
EndProject
Project("{2150E333-8FDC-42A3-9474-1A3956D46DE8}") = "BusinessLogic", "BusinessLogic", "{7BBDDBDB-7105-4B15-B1A7-5888435B2175}"
EndProject
Project("{2150E333-8FDC-42A3-9474-1A3956D46DE8}") = "Contracts", "Contracts", "{701AF70C-61B3-4EDB-9C79-85F7E94E5547}"
EndProject
Project("{2150E333-8FDC-42A3-9474-1A3956D46DE8}") = "DataAccess", "DataAccess", "{593A4C2D-7DC4-4165-84CA-7B32A0DAE671}"
EndProject
Project("{2150E333-8FDC-42A3-9474-1A3956D46DE8}") = "HallState", "HallState", "{FBBBC461-0345-4C40-BAE2-C2736E749FE7}"
EndProject
Project("{2150E333-8FDC-42A3-9474-1A3956D46DE8}") = "BusinessLogic", "BusinessLogic", "{F5678550-3E37-409C-87A2-C388AC223FE8}"
EndProject
Project("{2150E333-8FDC-42A3-9474-1A3956D46DE8}") = "Contracts", "Contracts", "{2EA84846-865A-4834-9353-60C5E426F882}"
EndProject
Project("{2150E333-8FDC-42A3-9474-1A3956D46DE8}") = "DataAccess", "DataAccess", "{B4C68FF3-018A-4A80-8336-EB5F965D2727}"
EndProject
Project("{2150E333-8FDC-42A3-9474-1A3956D46DE8}") = "Proxies", "Proxies", "{F3E2CF1B-52E8-4FB4-B5D4-6128A65A4F29}"
EndProject
Project("{2150E333-8FDC-42A3-9474-1A3956D46DE8}") = "Client", "Client", "{29D893D9-8F50-412A-8CDC-0F4D972758C7}"
EndProject
Project("{FAE04EC0-301F-11D3-BF4B-00C04F79EFBC}") = "ClientNotification", "ClientNotifications\ClientNotification\ClientNotification.csproj", "{E49A667E-49C4-4C8E-8D0D-D3E89D1238D9}"
EndProject
Project("{FAE04EC0-301F-11D3-BF4B-00C04F79EFBC}") = "ClientNotificationContract", "ClientNotifications\ClientNotificationContract\ClientNotificationContract.csproj", "{156EC5E4-D35E-4D78-90FE-4AD0C0799F41}"
EndProject
Project("{FAE04EC0-301F-11D3-BF4B-00C04F79EFBC}") = "TicketingOffice.Common", "Common\TicketingOffice.Common\TicketingOffice.Common.csproj", "{55026743-759D-4DC1-9BEA-71C9C84CB752}"
EndProject
Project("{FAE04EC0-301F-11D3-BF4B-00C04F79EFBC}") = "SimpleServiceHost", "Host\SimpleServiceHost\SimpleServiceHost.csproj", "{B8CE3EB0-E4B5-4BF9-AA63-40920AF7036E}"
EndProject
Project("{FAE04EC0-301F-11D3-BF4B-00C04F79EFBC}") = "CrmLogic", "Services\Crm\Logics\CrmLogic\CrmLogic.csproj", "{B3BDA076-1C22-4865-9CD8-6D8C9C093129}"
EndProject
Project("{FAE04EC0-301F-11D3-BF4B-00C04F79EFBC}") = "CrmContract", "Services\Crm\Contracts\CrmContract\CrmContract.csproj", "{92D104D1-1712-4458-BD08-B5EBC4479575}"
EndProject
Project("{FAE04EC0-301F-11D3-BF4B-00C04F79EFBC}") = "CustomerDal", "Services\Crm\ORM\CustomerDal\CustomerDal.csproj", "{C42543E9-F412-4FEA-A47A-07A55A0ADEBD}"
EndProject
Project("{FAE04EC0-301F-11D3-BF4B-00C04F79EFBC}") = "CrmService", "Services\Crm\CrmService\CrmService.csproj", "{BB5D24D1-D524-40A3-B1C3-D9CF405961CF}"
EndProject
Project("{FAE04EC0-301F-11D3-BF4B-00C04F79EFBC}") = "PaymentLogic", "Services\Payment\Logics\PaymentLogic\PaymentLogic.csproj", "{0A214D1E-C2F3-485E-947C-F966B2E67CB9}"
EndProject
Project("{FAE04EC0-301F-11D3-BF4B-00C04F79EFBC}") = "PaymentContract", "Services\Payment\Contracts\PaymentContract\PaymentContract.csproj", "{DE9E4B5E-380A-4F95-BF0E-4530AC1B2F0C}"
EndProject
Project("{FAE04EC0-301F-11D3-BF4B-00C04F79EFBC}") = "PaymentDal", "Services\Payment\ORM\PaymentDal\PaymentDal.csproj", "{988E2A6E-ABD2-4498-A26F-8193A72307FF}"
EndProject
Project("{FAE04EC0-301F-11D3-BF4B-00C04F79EFBC}") = "PaymentService", "Services\Payment\PaymentService\PaymentService.csproj", "{5574E8BF-6F17-4ED9-8F4D-6D256CD573F7}"
EndProject
Project("{FAE04EC0-301F-11D3-BF4B-00C04F79EFBC}") = "TicketingContract", "Services\Ticketing\Contracts\TicketingContract\TicketingContract.csproj", "{8FC81F7A-A73A-44AF-B4DF-884AD2B09475}"
EndProject
Project("{FAE04EC0-301F-11D3-BF4B-00C04F79EFBC}") = "TicketingLogic", "Services\Ticketing\Logics\TicketingLogic\TicketingLogic.csproj", "{B7737ED4-0D28-45A7-91CA-8F65A331F6B9}"
EndProject
Project("{FAE04EC0-301F-11D3-BF4B-00C04F79EFBC}") = "TicketingDal", "Services\Ticketing\ORM\TicketingDal\TicketingDal.csproj", "{935C2265-A93D-4ACB-B5D0-C15F9752BCB0}"
EndProject
Project("{FAE04EC0-301F-11D3-BF4B-00C04F79EFBC}") = "TicketingService", "Services\Ticketing\TicketingService\TicketingService.csproj", "{42DB3746-9B85-4360-AE86-6BC6B03DC70A}"
EndProject
Project("{FAE04EC0-301F-11D3-BF4B-00C04F79EFBC}") = "PricingLogic", "Services\Pricing\Logics\PricingLogic\PricingLogic.csproj", "{D6F565DA-52C0-4F63-8A94-B93D76493A8D}"
EndProject
Project("{FAE04EC0-301F-11D3-BF4B-00C04F79EFBC}") = "PricingContract", "Services\Pricing\Contracts\PricingContract\PricingContract.csproj", "{B650DA51-4A23-41AD-9135-4D05363153E0}"
EndProject
Project("{FAE04EC0-301F-11D3-BF4B-00C04F79EFBC}") = "PricingDal", "Services\Pricing\ORM\PricingDal\PricingDal.csproj", "{8F865E91-4521-42B8-B482-EE5BD361B7BD}"
EndProject
Project("{FAE04EC0-301F-11D3-BF4B-00C04F79EFBC}") = "PricingService", "Services\Pricing\PricingService\PricingService.csproj", "{8DADE5F7-BCF1-4DF0-8349-6E784BFA3853}"
EndProject
Project("{FAE04EC0-301F-11D3-BF4B-00C04F79EFBC}") = "CurrencyExchangeLogic", "Services\CurrencyExchange\Logics\CurrencyExchangeLogic\CurrencyExchangeLogic.csproj", "{4B259ABD-289F-4817-A827-FAC916205403}"
EndProject
Project("{FAE04EC0-301F-11D3-BF4B-00C04F79EFBC}") = "CurrencyExchangeContract", "Services\CurrencyExchange\Contracts\CurrencyExchangeContract\CurrencyExchangeContract.csproj", "{87E980D9-C204-42FC-AA59-0373EBEAFF55}"
EndProject
Project("{FAE04EC0-301F-11D3-BF4B-00C04F79EFBC}") = "ExchangeDal", "Services\CurrencyExchange\ORM\ExchangeDal\ExchangeDal.csproj", "{68789E59-88B7-41FF-A537-DFABF449D865}"
EndProject
Project("{FAE04EC0-301F-11D3-BF4B-00C04F79EFBC}") = "HallStateLogic", "Services\HallState\Logics\HallsLogic\HallStateLogic.csproj", "{D084467C-3CFB-43C6-8035-275A248CF132}"
EndProject
Project("{FAE04EC0-301F-11D3-BF4B-00C04F79EFBC}") = "HallStateContract", "Services\HallState\Contracts\HallStateContract\HallStateContract.csproj", "{96C253B7-6401-4206-9631-3F797F7448D1}"
EndProject
Project("{FAE04EC0-301F-11D3-BF4B-00C04F79EFBC}") = "HallStateDal", "Services\HallState\ORM\HallStateDal\HallStateDal.csproj", "{6DDC8956-8E6C-48E4-ABD9-22FFF7A98BDE}"
EndProject
Project("{FAE04EC0-301F-11D3-BF4B-00C04F79EFBC}") = "ShowsLogic", "Services\Shows\Logics\ShowsLogic\ShowsLogic.csproj", "{F62B1B55-11DD-46B0-87DE-C46ADBEB2EF7}"
EndProject
Project("{FAE04EC0-301F-11D3-BF4B-00C04F79EFBC}") = "ShowsContract", "Services\Shows\Contracts\ShowsContract\ShowsContract.csproj", "{5F890C01-B8E7-478E-B4AA-7F87F8DDFAC6}"
EndProject
Project("{FAE04EC0-301F-11D3-BF4B-00C04F79EFBC}") = "ShowsDal", "Services\Shows\ORM\ShowsDal\ShowsDal.csproj", "{671F15FD-E305-47F2-8036-D02E57D9F669}"
EndProject
Project("{FAE04EC0-301F-11D3-BF4B-00C04F79EFBC}") = "CurrencyExchangeWcfService", "Services\CurrencyExchange\CurrencyExchangeWcfService\CurrencyExchangeWcfService.csproj", "{DDC18790-FD58-43E3-87AF-7026021957EF}"
EndProject
Project("{FAE04EC0-301F-11D3-BF4B-00C04F79EFBC}") = "PricingBrokerService", "Services\Pricing\PricingBrokerService\PricingBrokerService.csproj", "{14C0E201-EA6F-4E8B-B213-BC2FEF7DA755}"
EndProject
Project("{FAE04EC0-301F-11D3-BF4B-00C04F79EFBC}") = "PricingRulesService", "Services\Pricing\PricingRulesService\PricingRulesService.csproj", "{5CBC7639-48CA-4BC5-B676-974150C0AE0B}"
EndProject
Project("{FAE04EC0-301F-11D3-BF4B-00C04F79EFBC}") = "Bridge", "Services\Ticketing\Bridge\Bridge.csproj", "{FD69897D-C279-4125-AD53-1E29E6BF33D5}"
EndProject
Project("{FAE04EC0-301F-11D3-BF4B-00C04F79EFBC}") = "HallStateService", "Services\HallState\HallStateService\HallStateService.csproj", "{FB01E018-7D25-41F8-836F-8BBA3485FDD6}"
EndProject
Project("{FAE04EC0-301F-11D3-BF4B-00C04F79EFBC}") = "ShowsService", "Services\Shows\ShowsService\ShowsService.csproj", "{90D5EF57-93E5-473F-AC59-C8C5C8C51C76}"
EndProject
Project("{FAE04EC0-301F-11D3-BF4B-00C04F79EFBC}") = "PrintingLogic", "Services\Ticketing\Logics\PrintingLogic\PrintingLogic.csproj", "{13ACE13C-6050-4C40-814C-9927AACCB0E7}"
EndProject
Project("{FAE04EC0-301F-11D3-BF4B-00C04F79EFBC}") = "CurrencyExchangeWcfProxy", "Services\CurrencyExchange\Proxies\CurrencyExchangeWcfProxy\CurrencyExchangeWcfProxy.csproj", "{2C886A5D-6E8C-4C6E-A4E4-79CDD2BEA524}"
EndProject
Project("{FAE04EC0-301F-11D3-BF4B-00C04F79EFBC}") = "TicketingOffice.UI", "Client\TicketingOffice.UI\TicketingOffice.UI.csproj", "{CB264533-D994-489D-ADE4-569FF44DDF40}"
EndProject
Project("{2150E333-8FDC-42A3-9474-1A3956D46DE8}") = "WebAPI", "WebAPI", "{C7B80CAF-B472-45E8-8253-B763C3B662FC}"
EndProject
Project("{FAE04EC0-301F-11D3-BF4B-00C04F79EFBC}") = "TicketingOffice.MVC", "TicketingOffice.MVC\TicketingOffice.MVC.csproj", "{73C7F049-7E42-45A7-A588-4CCDAEA145CF}"
EndProject
Project("{FAE04EC0-301F-11D3-BF4B-00C04F79EFBC}") = "TicketingOffice.WebAPI", "TicketingOffice.WebAPI\TicketingOffice.WebAPI.csproj", "{954E9FB5-398F-4F48-B5E7-54F8B8C63E0B}"
EndProject
Project("{FAE04EC0-301F-11D3-BF4B-00C04F79EFBC}") = "TicketingOffice.CrmManager.Tests", "TicketingOffice.CrmManager.Tests\TicketingOffice.CrmManager.Tests.csproj", "{7093F6E3-4F47-448B-A8D3-0712A850904B}"
EndProject
Project("{FAE04EC0-301F-11D3-BF4B-00C04F79EFBC}") = "TicketingOffice.WebAPITest", "TicketingOffice.WebAPITest\TicketingOffice.WebAPITest.csproj", "{ECF21B3F-C01B-45FF-A407-2F03AB4EE8BB}"
EndProject
Project("{2150E333-8FDC-42A3-9474-1A3956D46DE8}") = "Database", "Database", "{38A6D085-D669-489C-8C2E-7AA16ACCCE06}"
EndProject
Project("{2150E333-8FDC-42A3-9474-1A3956D46DE8}") = "ClientMvc", "ClientMvc", "{81C75F67-27CA-4CD8-A1FB-FE6F7A4E9EE3}"
EndProject
Project("{FAE04EC0-301F-11D3-BF4B-00C04F79EFBC}") = "TicketingOffice.Mvc2.0", "TicketingOffice.Mvc2.0\TicketingOffice.Mvc2.0\TicketingOffice.Mvc2.0.csproj", "{E73DF658-06F7-47B2-B231-4DEDD4F4C263}"
EndProject
Global
	GlobalSection(SolutionConfigurationPlatforms) = preSolution
		Azure|Any CPU = Azure|Any CPU
		Azure|x86 = Azure|x86
		Azuure|Any CPU = Azuure|Any CPU
		Azuure|x86 = Azuure|x86
		Azuuure|Any CPU = Azuuure|Any CPU
		Azuuure|x86 = Azuuure|x86
		Debug|Any CPU = Debug|Any CPU
		Debug|x86 = Debug|x86
		Mattias|Any CPU = Mattias|Any CPU
		Mattias|x86 = Mattias|x86
		Release|Any CPU = Release|Any CPU
		Release|x86 = Release|x86
	EndGlobalSection
	GlobalSection(ProjectConfigurationPlatforms) = postSolution
		{E49A667E-49C4-4C8E-8D0D-D3E89D1238D9}.Azure|Any CPU.ActiveCfg = Azure|Any CPU
		{E49A667E-49C4-4C8E-8D0D-D3E89D1238D9}.Azure|Any CPU.Build.0 = Azure|Any CPU
		{E49A667E-49C4-4C8E-8D0D-D3E89D1238D9}.Azure|x86.ActiveCfg = Azure|Any CPU
		{E49A667E-49C4-4C8E-8D0D-D3E89D1238D9}.Azuure|Any CPU.ActiveCfg = Azuure|Any CPU
		{E49A667E-49C4-4C8E-8D0D-D3E89D1238D9}.Azuure|Any CPU.Build.0 = Azuure|Any CPU
		{E49A667E-49C4-4C8E-8D0D-D3E89D1238D9}.Azuure|x86.ActiveCfg = Azuure|Any CPU
		{E49A667E-49C4-4C8E-8D0D-D3E89D1238D9}.Azuuure|Any CPU.ActiveCfg = Azuuure|Any CPU
		{E49A667E-49C4-4C8E-8D0D-D3E89D1238D9}.Azuuure|Any CPU.Build.0 = Azuuure|Any CPU
		{E49A667E-49C4-4C8E-8D0D-D3E89D1238D9}.Azuuure|x86.ActiveCfg = Azuuure|Any CPU
		{E49A667E-49C4-4C8E-8D0D-D3E89D1238D9}.Debug|Any CPU.ActiveCfg = Debug|Any CPU
		{E49A667E-49C4-4C8E-8D0D-D3E89D1238D9}.Debug|Any CPU.Build.0 = Debug|Any CPU
		{E49A667E-49C4-4C8E-8D0D-D3E89D1238D9}.Debug|x86.ActiveCfg = Debug|Any CPU
		{E49A667E-49C4-4C8E-8D0D-D3E89D1238D9}.Mattias|Any CPU.ActiveCfg = Mattias|Any CPU
		{E49A667E-49C4-4C8E-8D0D-D3E89D1238D9}.Mattias|Any CPU.Build.0 = Mattias|Any CPU
		{E49A667E-49C4-4C8E-8D0D-D3E89D1238D9}.Mattias|x86.ActiveCfg = Mattias|Any CPU
		{E49A667E-49C4-4C8E-8D0D-D3E89D1238D9}.Release|Any CPU.ActiveCfg = Release|Any CPU
		{E49A667E-49C4-4C8E-8D0D-D3E89D1238D9}.Release|Any CPU.Build.0 = Release|Any CPU
		{E49A667E-49C4-4C8E-8D0D-D3E89D1238D9}.Release|x86.ActiveCfg = Release|Any CPU
		{156EC5E4-D35E-4D78-90FE-4AD0C0799F41}.Azure|Any CPU.ActiveCfg = Azure|Any CPU
		{156EC5E4-D35E-4D78-90FE-4AD0C0799F41}.Azure|Any CPU.Build.0 = Azure|Any CPU
		{156EC5E4-D35E-4D78-90FE-4AD0C0799F41}.Azure|x86.ActiveCfg = Azure|Any CPU
		{156EC5E4-D35E-4D78-90FE-4AD0C0799F41}.Azuure|Any CPU.ActiveCfg = Azuure|Any CPU
		{156EC5E4-D35E-4D78-90FE-4AD0C0799F41}.Azuure|Any CPU.Build.0 = Azuure|Any CPU
		{156EC5E4-D35E-4D78-90FE-4AD0C0799F41}.Azuure|x86.ActiveCfg = Azuure|Any CPU
		{156EC5E4-D35E-4D78-90FE-4AD0C0799F41}.Azuuure|Any CPU.ActiveCfg = Azuuure|Any CPU
		{156EC5E4-D35E-4D78-90FE-4AD0C0799F41}.Azuuure|Any CPU.Build.0 = Azuuure|Any CPU
		{156EC5E4-D35E-4D78-90FE-4AD0C0799F41}.Azuuure|x86.ActiveCfg = Azuuure|Any CPU
		{156EC5E4-D35E-4D78-90FE-4AD0C0799F41}.Debug|Any CPU.ActiveCfg = Debug|Any CPU
		{156EC5E4-D35E-4D78-90FE-4AD0C0799F41}.Debug|Any CPU.Build.0 = Debug|Any CPU
		{156EC5E4-D35E-4D78-90FE-4AD0C0799F41}.Debug|x86.ActiveCfg = Debug|Any CPU
		{156EC5E4-D35E-4D78-90FE-4AD0C0799F41}.Mattias|Any CPU.ActiveCfg = Mattias|Any CPU
		{156EC5E4-D35E-4D78-90FE-4AD0C0799F41}.Mattias|Any CPU.Build.0 = Mattias|Any CPU
		{156EC5E4-D35E-4D78-90FE-4AD0C0799F41}.Mattias|x86.ActiveCfg = Mattias|Any CPU
		{156EC5E4-D35E-4D78-90FE-4AD0C0799F41}.Release|Any CPU.ActiveCfg = Release|Any CPU
		{156EC5E4-D35E-4D78-90FE-4AD0C0799F41}.Release|Any CPU.Build.0 = Release|Any CPU
		{156EC5E4-D35E-4D78-90FE-4AD0C0799F41}.Release|x86.ActiveCfg = Release|Any CPU
		{55026743-759D-4DC1-9BEA-71C9C84CB752}.Azure|Any CPU.ActiveCfg = Azure|Any CPU
		{55026743-759D-4DC1-9BEA-71C9C84CB752}.Azure|Any CPU.Build.0 = Azure|Any CPU
		{55026743-759D-4DC1-9BEA-71C9C84CB752}.Azure|x86.ActiveCfg = Azure|x86
		{55026743-759D-4DC1-9BEA-71C9C84CB752}.Azure|x86.Build.0 = Azure|x86
		{55026743-759D-4DC1-9BEA-71C9C84CB752}.Azuure|Any CPU.ActiveCfg = Azuure|Any CPU
		{55026743-759D-4DC1-9BEA-71C9C84CB752}.Azuure|Any CPU.Build.0 = Azuure|Any CPU
		{55026743-759D-4DC1-9BEA-71C9C84CB752}.Azuure|x86.ActiveCfg = Azuure|x86
		{55026743-759D-4DC1-9BEA-71C9C84CB752}.Azuure|x86.Build.0 = Azuure|x86
		{55026743-759D-4DC1-9BEA-71C9C84CB752}.Azuuure|Any CPU.ActiveCfg = Azuuure|Any CPU
		{55026743-759D-4DC1-9BEA-71C9C84CB752}.Azuuure|Any CPU.Build.0 = Azuuure|Any CPU
		{55026743-759D-4DC1-9BEA-71C9C84CB752}.Azuuure|x86.ActiveCfg = Azuuure|x86
		{55026743-759D-4DC1-9BEA-71C9C84CB752}.Azuuure|x86.Build.0 = Azuuure|x86
		{55026743-759D-4DC1-9BEA-71C9C84CB752}.Debug|Any CPU.ActiveCfg = Debug|Any CPU
		{55026743-759D-4DC1-9BEA-71C9C84CB752}.Debug|Any CPU.Build.0 = Debug|Any CPU
		{55026743-759D-4DC1-9BEA-71C9C84CB752}.Debug|x86.ActiveCfg = Debug|x86
		{55026743-759D-4DC1-9BEA-71C9C84CB752}.Debug|x86.Build.0 = Debug|x86
		{55026743-759D-4DC1-9BEA-71C9C84CB752}.Mattias|Any CPU.ActiveCfg = Mattias|Any CPU
		{55026743-759D-4DC1-9BEA-71C9C84CB752}.Mattias|Any CPU.Build.0 = Mattias|Any CPU
		{55026743-759D-4DC1-9BEA-71C9C84CB752}.Mattias|x86.ActiveCfg = Mattias|x86
		{55026743-759D-4DC1-9BEA-71C9C84CB752}.Mattias|x86.Build.0 = Mattias|x86
		{55026743-759D-4DC1-9BEA-71C9C84CB752}.Release|Any CPU.ActiveCfg = Release|Any CPU
		{55026743-759D-4DC1-9BEA-71C9C84CB752}.Release|Any CPU.Build.0 = Release|Any CPU
		{55026743-759D-4DC1-9BEA-71C9C84CB752}.Release|x86.ActiveCfg = Release|x86
		{55026743-759D-4DC1-9BEA-71C9C84CB752}.Release|x86.Build.0 = Release|x86
		{B8CE3EB0-E4B5-4BF9-AA63-40920AF7036E}.Azure|Any CPU.ActiveCfg = Azure|Any CPU
		{B8CE3EB0-E4B5-4BF9-AA63-40920AF7036E}.Azure|Any CPU.Build.0 = Azure|Any CPU
		{B8CE3EB0-E4B5-4BF9-AA63-40920AF7036E}.Azure|x86.ActiveCfg = Azure|x86
		{B8CE3EB0-E4B5-4BF9-AA63-40920AF7036E}.Azure|x86.Build.0 = Azure|x86
		{B8CE3EB0-E4B5-4BF9-AA63-40920AF7036E}.Azuure|Any CPU.ActiveCfg = Azuure|Any CPU
		{B8CE3EB0-E4B5-4BF9-AA63-40920AF7036E}.Azuure|Any CPU.Build.0 = Azuure|Any CPU
		{B8CE3EB0-E4B5-4BF9-AA63-40920AF7036E}.Azuure|x86.ActiveCfg = Azuure|x86
		{B8CE3EB0-E4B5-4BF9-AA63-40920AF7036E}.Azuure|x86.Build.0 = Azuure|x86
		{B8CE3EB0-E4B5-4BF9-AA63-40920AF7036E}.Azuuure|Any CPU.ActiveCfg = Azuuure|Any CPU
		{B8CE3EB0-E4B5-4BF9-AA63-40920AF7036E}.Azuuure|Any CPU.Build.0 = Azuuure|Any CPU
		{B8CE3EB0-E4B5-4BF9-AA63-40920AF7036E}.Azuuure|x86.ActiveCfg = Azuuure|x86
		{B8CE3EB0-E4B5-4BF9-AA63-40920AF7036E}.Azuuure|x86.Build.0 = Azuuure|x86
		{B8CE3EB0-E4B5-4BF9-AA63-40920AF7036E}.Debug|Any CPU.ActiveCfg = Debug|Any CPU
		{B8CE3EB0-E4B5-4BF9-AA63-40920AF7036E}.Debug|Any CPU.Build.0 = Debug|Any CPU
		{B8CE3EB0-E4B5-4BF9-AA63-40920AF7036E}.Debug|x86.ActiveCfg = Debug|x86
		{B8CE3EB0-E4B5-4BF9-AA63-40920AF7036E}.Debug|x86.Build.0 = Debug|x86
		{B8CE3EB0-E4B5-4BF9-AA63-40920AF7036E}.Mattias|Any CPU.ActiveCfg = Mattias|Any CPU
		{B8CE3EB0-E4B5-4BF9-AA63-40920AF7036E}.Mattias|Any CPU.Build.0 = Mattias|Any CPU
		{B8CE3EB0-E4B5-4BF9-AA63-40920AF7036E}.Mattias|x86.ActiveCfg = Mattias|x86
		{B8CE3EB0-E4B5-4BF9-AA63-40920AF7036E}.Mattias|x86.Build.0 = Mattias|x86
		{B8CE3EB0-E4B5-4BF9-AA63-40920AF7036E}.Release|Any CPU.ActiveCfg = Release|Any CPU
		{B8CE3EB0-E4B5-4BF9-AA63-40920AF7036E}.Release|Any CPU.Build.0 = Release|Any CPU
		{B8CE3EB0-E4B5-4BF9-AA63-40920AF7036E}.Release|x86.ActiveCfg = Release|x86
		{B8CE3EB0-E4B5-4BF9-AA63-40920AF7036E}.Release|x86.Build.0 = Release|x86
		{B3BDA076-1C22-4865-9CD8-6D8C9C093129}.Azure|Any CPU.ActiveCfg = Azure|Any CPU
		{B3BDA076-1C22-4865-9CD8-6D8C9C093129}.Azure|Any CPU.Build.0 = Azure|Any CPU
		{B3BDA076-1C22-4865-9CD8-6D8C9C093129}.Azure|x86.ActiveCfg = Azure|x86
		{B3BDA076-1C22-4865-9CD8-6D8C9C093129}.Azure|x86.Build.0 = Azure|x86
		{B3BDA076-1C22-4865-9CD8-6D8C9C093129}.Azuure|Any CPU.ActiveCfg = Azuure|Any CPU
		{B3BDA076-1C22-4865-9CD8-6D8C9C093129}.Azuure|Any CPU.Build.0 = Azuure|Any CPU
		{B3BDA076-1C22-4865-9CD8-6D8C9C093129}.Azuure|x86.ActiveCfg = Azuure|x86
		{B3BDA076-1C22-4865-9CD8-6D8C9C093129}.Azuure|x86.Build.0 = Azuure|x86
		{B3BDA076-1C22-4865-9CD8-6D8C9C093129}.Azuuure|Any CPU.ActiveCfg = Azuuure|Any CPU
		{B3BDA076-1C22-4865-9CD8-6D8C9C093129}.Azuuure|Any CPU.Build.0 = Azuuure|Any CPU
		{B3BDA076-1C22-4865-9CD8-6D8C9C093129}.Azuuure|x86.ActiveCfg = Azuuure|x86
		{B3BDA076-1C22-4865-9CD8-6D8C9C093129}.Azuuure|x86.Build.0 = Azuuure|x86
		{B3BDA076-1C22-4865-9CD8-6D8C9C093129}.Debug|Any CPU.ActiveCfg = Debug|Any CPU
		{B3BDA076-1C22-4865-9CD8-6D8C9C093129}.Debug|Any CPU.Build.0 = Debug|Any CPU
		{B3BDA076-1C22-4865-9CD8-6D8C9C093129}.Debug|x86.ActiveCfg = Debug|x86
		{B3BDA076-1C22-4865-9CD8-6D8C9C093129}.Debug|x86.Build.0 = Debug|x86
		{B3BDA076-1C22-4865-9CD8-6D8C9C093129}.Mattias|Any CPU.ActiveCfg = Mattias|Any CPU
		{B3BDA076-1C22-4865-9CD8-6D8C9C093129}.Mattias|Any CPU.Build.0 = Mattias|Any CPU
		{B3BDA076-1C22-4865-9CD8-6D8C9C093129}.Mattias|x86.ActiveCfg = Mattias|x86
		{B3BDA076-1C22-4865-9CD8-6D8C9C093129}.Mattias|x86.Build.0 = Mattias|x86
		{B3BDA076-1C22-4865-9CD8-6D8C9C093129}.Release|Any CPU.ActiveCfg = Release|Any CPU
		{B3BDA076-1C22-4865-9CD8-6D8C9C093129}.Release|Any CPU.Build.0 = Release|Any CPU
		{B3BDA076-1C22-4865-9CD8-6D8C9C093129}.Release|x86.ActiveCfg = Release|x86
		{B3BDA076-1C22-4865-9CD8-6D8C9C093129}.Release|x86.Build.0 = Release|x86
		{92D104D1-1712-4458-BD08-B5EBC4479575}.Azure|Any CPU.ActiveCfg = Azure|Any CPU
		{92D104D1-1712-4458-BD08-B5EBC4479575}.Azure|Any CPU.Build.0 = Azure|Any CPU
		{92D104D1-1712-4458-BD08-B5EBC4479575}.Azure|x86.ActiveCfg = Azure|Any CPU
		{92D104D1-1712-4458-BD08-B5EBC4479575}.Azuure|Any CPU.ActiveCfg = Azuure|Any CPU
		{92D104D1-1712-4458-BD08-B5EBC4479575}.Azuure|Any CPU.Build.0 = Azuure|Any CPU
		{92D104D1-1712-4458-BD08-B5EBC4479575}.Azuure|x86.ActiveCfg = Azuure|Any CPU
		{92D104D1-1712-4458-BD08-B5EBC4479575}.Azuuure|Any CPU.ActiveCfg = Azuuure|Any CPU
		{92D104D1-1712-4458-BD08-B5EBC4479575}.Azuuure|Any CPU.Build.0 = Azuuure|Any CPU
		{92D104D1-1712-4458-BD08-B5EBC4479575}.Azuuure|x86.ActiveCfg = Azuuure|Any CPU
		{92D104D1-1712-4458-BD08-B5EBC4479575}.Debug|Any CPU.ActiveCfg = Debug|Any CPU
		{92D104D1-1712-4458-BD08-B5EBC4479575}.Debug|Any CPU.Build.0 = Debug|Any CPU
		{92D104D1-1712-4458-BD08-B5EBC4479575}.Debug|x86.ActiveCfg = Debug|Any CPU
		{92D104D1-1712-4458-BD08-B5EBC4479575}.Mattias|Any CPU.ActiveCfg = Mattias|Any CPU
		{92D104D1-1712-4458-BD08-B5EBC4479575}.Mattias|Any CPU.Build.0 = Mattias|Any CPU
		{92D104D1-1712-4458-BD08-B5EBC4479575}.Mattias|x86.ActiveCfg = Mattias|Any CPU
		{92D104D1-1712-4458-BD08-B5EBC4479575}.Release|Any CPU.ActiveCfg = Release|Any CPU
		{92D104D1-1712-4458-BD08-B5EBC4479575}.Release|Any CPU.Build.0 = Release|Any CPU
		{92D104D1-1712-4458-BD08-B5EBC4479575}.Release|x86.ActiveCfg = Release|Any CPU
		{C42543E9-F412-4FEA-A47A-07A55A0ADEBD}.Azure|Any CPU.ActiveCfg = Azure|Any CPU
		{C42543E9-F412-4FEA-A47A-07A55A0ADEBD}.Azure|Any CPU.Build.0 = Azure|Any CPU
		{C42543E9-F412-4FEA-A47A-07A55A0ADEBD}.Azure|x86.ActiveCfg = Azure|Any CPU
		{C42543E9-F412-4FEA-A47A-07A55A0ADEBD}.Azuure|Any CPU.ActiveCfg = Azuure|Any CPU
		{C42543E9-F412-4FEA-A47A-07A55A0ADEBD}.Azuure|Any CPU.Build.0 = Azuure|Any CPU
		{C42543E9-F412-4FEA-A47A-07A55A0ADEBD}.Azuure|x86.ActiveCfg = Azuure|Any CPU
		{C42543E9-F412-4FEA-A47A-07A55A0ADEBD}.Azuuure|Any CPU.ActiveCfg = Azuuure|Any CPU
		{C42543E9-F412-4FEA-A47A-07A55A0ADEBD}.Azuuure|Any CPU.Build.0 = Azuuure|Any CPU
		{C42543E9-F412-4FEA-A47A-07A55A0ADEBD}.Azuuure|x86.ActiveCfg = Azuuure|Any CPU
		{C42543E9-F412-4FEA-A47A-07A55A0ADEBD}.Debug|Any CPU.ActiveCfg = Debug|Any CPU
		{C42543E9-F412-4FEA-A47A-07A55A0ADEBD}.Debug|Any CPU.Build.0 = Debug|Any CPU
		{C42543E9-F412-4FEA-A47A-07A55A0ADEBD}.Debug|x86.ActiveCfg = Debug|Any CPU
		{C42543E9-F412-4FEA-A47A-07A55A0ADEBD}.Mattias|Any CPU.ActiveCfg = Mattias|Any CPU
		{C42543E9-F412-4FEA-A47A-07A55A0ADEBD}.Mattias|Any CPU.Build.0 = Mattias|Any CPU
		{C42543E9-F412-4FEA-A47A-07A55A0ADEBD}.Mattias|x86.ActiveCfg = Mattias|Any CPU
		{C42543E9-F412-4FEA-A47A-07A55A0ADEBD}.Release|Any CPU.ActiveCfg = Release|Any CPU
		{C42543E9-F412-4FEA-A47A-07A55A0ADEBD}.Release|Any CPU.Build.0 = Release|Any CPU
		{C42543E9-F412-4FEA-A47A-07A55A0ADEBD}.Release|x86.ActiveCfg = Release|Any CPU
		{BB5D24D1-D524-40A3-B1C3-D9CF405961CF}.Azure|Any CPU.ActiveCfg = Azure|Any CPU
		{BB5D24D1-D524-40A3-B1C3-D9CF405961CF}.Azure|Any CPU.Build.0 = Azure|Any CPU
		{BB5D24D1-D524-40A3-B1C3-D9CF405961CF}.Azure|x86.ActiveCfg = Azure|Any CPU
		{BB5D24D1-D524-40A3-B1C3-D9CF405961CF}.Azuure|Any CPU.ActiveCfg = Azuure|Any CPU
		{BB5D24D1-D524-40A3-B1C3-D9CF405961CF}.Azuure|Any CPU.Build.0 = Azuure|Any CPU
		{BB5D24D1-D524-40A3-B1C3-D9CF405961CF}.Azuure|x86.ActiveCfg = Azuure|Any CPU
		{BB5D24D1-D524-40A3-B1C3-D9CF405961CF}.Azuuure|Any CPU.ActiveCfg = Azuuure|Any CPU
		{BB5D24D1-D524-40A3-B1C3-D9CF405961CF}.Azuuure|Any CPU.Build.0 = Azuuure|Any CPU
		{BB5D24D1-D524-40A3-B1C3-D9CF405961CF}.Azuuure|x86.ActiveCfg = Azuuure|Any CPU
		{BB5D24D1-D524-40A3-B1C3-D9CF405961CF}.Debug|Any CPU.ActiveCfg = Debug|Any CPU
		{BB5D24D1-D524-40A3-B1C3-D9CF405961CF}.Debug|Any CPU.Build.0 = Debug|Any CPU
		{BB5D24D1-D524-40A3-B1C3-D9CF405961CF}.Debug|x86.ActiveCfg = Debug|Any CPU
		{BB5D24D1-D524-40A3-B1C3-D9CF405961CF}.Mattias|Any CPU.ActiveCfg = Mattias|Any CPU
		{BB5D24D1-D524-40A3-B1C3-D9CF405961CF}.Mattias|Any CPU.Build.0 = Mattias|Any CPU
		{BB5D24D1-D524-40A3-B1C3-D9CF405961CF}.Mattias|x86.ActiveCfg = Mattias|Any CPU
		{BB5D24D1-D524-40A3-B1C3-D9CF405961CF}.Release|Any CPU.ActiveCfg = Release|Any CPU
		{BB5D24D1-D524-40A3-B1C3-D9CF405961CF}.Release|Any CPU.Build.0 = Release|Any CPU
		{BB5D24D1-D524-40A3-B1C3-D9CF405961CF}.Release|x86.ActiveCfg = Release|Any CPU
		{0A214D1E-C2F3-485E-947C-F966B2E67CB9}.Azure|Any CPU.ActiveCfg = Azure|Any CPU
		{0A214D1E-C2F3-485E-947C-F966B2E67CB9}.Azure|Any CPU.Build.0 = Azure|Any CPU
		{0A214D1E-C2F3-485E-947C-F966B2E67CB9}.Azure|x86.ActiveCfg = Azure|x86
		{0A214D1E-C2F3-485E-947C-F966B2E67CB9}.Azure|x86.Build.0 = Azure|x86
		{0A214D1E-C2F3-485E-947C-F966B2E67CB9}.Azuure|Any CPU.ActiveCfg = Azuure|Any CPU
		{0A214D1E-C2F3-485E-947C-F966B2E67CB9}.Azuure|Any CPU.Build.0 = Azuure|Any CPU
		{0A214D1E-C2F3-485E-947C-F966B2E67CB9}.Azuure|x86.ActiveCfg = Azuure|x86
		{0A214D1E-C2F3-485E-947C-F966B2E67CB9}.Azuure|x86.Build.0 = Azuure|x86
		{0A214D1E-C2F3-485E-947C-F966B2E67CB9}.Azuuure|Any CPU.ActiveCfg = Azuuure|Any CPU
		{0A214D1E-C2F3-485E-947C-F966B2E67CB9}.Azuuure|Any CPU.Build.0 = Azuuure|Any CPU
		{0A214D1E-C2F3-485E-947C-F966B2E67CB9}.Azuuure|x86.ActiveCfg = Azuuure|x86
		{0A214D1E-C2F3-485E-947C-F966B2E67CB9}.Azuuure|x86.Build.0 = Azuuure|x86
		{0A214D1E-C2F3-485E-947C-F966B2E67CB9}.Debug|Any CPU.ActiveCfg = Debug|Any CPU
		{0A214D1E-C2F3-485E-947C-F966B2E67CB9}.Debug|Any CPU.Build.0 = Debug|Any CPU
		{0A214D1E-C2F3-485E-947C-F966B2E67CB9}.Debug|x86.ActiveCfg = Debug|x86
		{0A214D1E-C2F3-485E-947C-F966B2E67CB9}.Debug|x86.Build.0 = Debug|x86
		{0A214D1E-C2F3-485E-947C-F966B2E67CB9}.Mattias|Any CPU.ActiveCfg = Mattias|Any CPU
		{0A214D1E-C2F3-485E-947C-F966B2E67CB9}.Mattias|Any CPU.Build.0 = Mattias|Any CPU
		{0A214D1E-C2F3-485E-947C-F966B2E67CB9}.Mattias|x86.ActiveCfg = Mattias|x86
		{0A214D1E-C2F3-485E-947C-F966B2E67CB9}.Mattias|x86.Build.0 = Mattias|x86
		{0A214D1E-C2F3-485E-947C-F966B2E67CB9}.Release|Any CPU.ActiveCfg = Release|Any CPU
		{0A214D1E-C2F3-485E-947C-F966B2E67CB9}.Release|Any CPU.Build.0 = Release|Any CPU
		{0A214D1E-C2F3-485E-947C-F966B2E67CB9}.Release|x86.ActiveCfg = Release|x86
		{0A214D1E-C2F3-485E-947C-F966B2E67CB9}.Release|x86.Build.0 = Release|x86
		{DE9E4B5E-380A-4F95-BF0E-4530AC1B2F0C}.Azure|Any CPU.ActiveCfg = Azure|Any CPU
		{DE9E4B5E-380A-4F95-BF0E-4530AC1B2F0C}.Azure|Any CPU.Build.0 = Azure|Any CPU
		{DE9E4B5E-380A-4F95-BF0E-4530AC1B2F0C}.Azure|x86.ActiveCfg = Azure|Any CPU
		{DE9E4B5E-380A-4F95-BF0E-4530AC1B2F0C}.Azuure|Any CPU.ActiveCfg = Azuure|Any CPU
		{DE9E4B5E-380A-4F95-BF0E-4530AC1B2F0C}.Azuure|Any CPU.Build.0 = Azuure|Any CPU
		{DE9E4B5E-380A-4F95-BF0E-4530AC1B2F0C}.Azuure|x86.ActiveCfg = Azuure|Any CPU
		{DE9E4B5E-380A-4F95-BF0E-4530AC1B2F0C}.Azuuure|Any CPU.ActiveCfg = Azuuure|Any CPU
		{DE9E4B5E-380A-4F95-BF0E-4530AC1B2F0C}.Azuuure|Any CPU.Build.0 = Azuuure|Any CPU
		{DE9E4B5E-380A-4F95-BF0E-4530AC1B2F0C}.Azuuure|x86.ActiveCfg = Azuuure|Any CPU
		{DE9E4B5E-380A-4F95-BF0E-4530AC1B2F0C}.Debug|Any CPU.ActiveCfg = Debug|Any CPU
		{DE9E4B5E-380A-4F95-BF0E-4530AC1B2F0C}.Debug|Any CPU.Build.0 = Debug|Any CPU
		{DE9E4B5E-380A-4F95-BF0E-4530AC1B2F0C}.Debug|x86.ActiveCfg = Debug|Any CPU
		{DE9E4B5E-380A-4F95-BF0E-4530AC1B2F0C}.Mattias|Any CPU.ActiveCfg = Mattias|Any CPU
		{DE9E4B5E-380A-4F95-BF0E-4530AC1B2F0C}.Mattias|Any CPU.Build.0 = Mattias|Any CPU
		{DE9E4B5E-380A-4F95-BF0E-4530AC1B2F0C}.Mattias|x86.ActiveCfg = Mattias|Any CPU
		{DE9E4B5E-380A-4F95-BF0E-4530AC1B2F0C}.Release|Any CPU.ActiveCfg = Release|Any CPU
		{DE9E4B5E-380A-4F95-BF0E-4530AC1B2F0C}.Release|Any CPU.Build.0 = Release|Any CPU
		{DE9E4B5E-380A-4F95-BF0E-4530AC1B2F0C}.Release|x86.ActiveCfg = Release|Any CPU
		{988E2A6E-ABD2-4498-A26F-8193A72307FF}.Azure|Any CPU.ActiveCfg = Azure|Any CPU
		{988E2A6E-ABD2-4498-A26F-8193A72307FF}.Azure|Any CPU.Build.0 = Azure|Any CPU
		{988E2A6E-ABD2-4498-A26F-8193A72307FF}.Azure|x86.ActiveCfg = Azure|Any CPU
		{988E2A6E-ABD2-4498-A26F-8193A72307FF}.Azuure|Any CPU.ActiveCfg = Azuure|Any CPU
		{988E2A6E-ABD2-4498-A26F-8193A72307FF}.Azuure|Any CPU.Build.0 = Azuure|Any CPU
		{988E2A6E-ABD2-4498-A26F-8193A72307FF}.Azuure|x86.ActiveCfg = Azuure|Any CPU
		{988E2A6E-ABD2-4498-A26F-8193A72307FF}.Azuuure|Any CPU.ActiveCfg = Azuuure|Any CPU
		{988E2A6E-ABD2-4498-A26F-8193A72307FF}.Azuuure|Any CPU.Build.0 = Azuuure|Any CPU
		{988E2A6E-ABD2-4498-A26F-8193A72307FF}.Azuuure|x86.ActiveCfg = Azuuure|Any CPU
		{988E2A6E-ABD2-4498-A26F-8193A72307FF}.Debug|Any CPU.ActiveCfg = Debug|Any CPU
		{988E2A6E-ABD2-4498-A26F-8193A72307FF}.Debug|Any CPU.Build.0 = Debug|Any CPU
		{988E2A6E-ABD2-4498-A26F-8193A72307FF}.Debug|x86.ActiveCfg = Debug|Any CPU
		{988E2A6E-ABD2-4498-A26F-8193A72307FF}.Mattias|Any CPU.ActiveCfg = Mattias|Any CPU
		{988E2A6E-ABD2-4498-A26F-8193A72307FF}.Mattias|Any CPU.Build.0 = Mattias|Any CPU
		{988E2A6E-ABD2-4498-A26F-8193A72307FF}.Mattias|x86.ActiveCfg = Mattias|Any CPU
		{988E2A6E-ABD2-4498-A26F-8193A72307FF}.Release|Any CPU.ActiveCfg = Release|Any CPU
		{988E2A6E-ABD2-4498-A26F-8193A72307FF}.Release|Any CPU.Build.0 = Release|Any CPU
		{988E2A6E-ABD2-4498-A26F-8193A72307FF}.Release|x86.ActiveCfg = Release|Any CPU
		{5574E8BF-6F17-4ED9-8F4D-6D256CD573F7}.Azure|Any CPU.ActiveCfg = Azure|Any CPU
		{5574E8BF-6F17-4ED9-8F4D-6D256CD573F7}.Azure|Any CPU.Build.0 = Azure|Any CPU
		{5574E8BF-6F17-4ED9-8F4D-6D256CD573F7}.Azure|x86.ActiveCfg = Azure|Any CPU
		{5574E8BF-6F17-4ED9-8F4D-6D256CD573F7}.Azuure|Any CPU.ActiveCfg = Azuure|Any CPU
		{5574E8BF-6F17-4ED9-8F4D-6D256CD573F7}.Azuure|Any CPU.Build.0 = Azuure|Any CPU
		{5574E8BF-6F17-4ED9-8F4D-6D256CD573F7}.Azuure|x86.ActiveCfg = Azuure|Any CPU
		{5574E8BF-6F17-4ED9-8F4D-6D256CD573F7}.Azuuure|Any CPU.ActiveCfg = Azuuure|Any CPU
		{5574E8BF-6F17-4ED9-8F4D-6D256CD573F7}.Azuuure|Any CPU.Build.0 = Azuuure|Any CPU
		{5574E8BF-6F17-4ED9-8F4D-6D256CD573F7}.Azuuure|x86.ActiveCfg = Azuuure|Any CPU
		{5574E8BF-6F17-4ED9-8F4D-6D256CD573F7}.Debug|Any CPU.ActiveCfg = Debug|Any CPU
		{5574E8BF-6F17-4ED9-8F4D-6D256CD573F7}.Debug|Any CPU.Build.0 = Debug|Any CPU
		{5574E8BF-6F17-4ED9-8F4D-6D256CD573F7}.Debug|x86.ActiveCfg = Debug|Any CPU
		{5574E8BF-6F17-4ED9-8F4D-6D256CD573F7}.Mattias|Any CPU.ActiveCfg = Mattias|Any CPU
		{5574E8BF-6F17-4ED9-8F4D-6D256CD573F7}.Mattias|Any CPU.Build.0 = Mattias|Any CPU
		{5574E8BF-6F17-4ED9-8F4D-6D256CD573F7}.Mattias|x86.ActiveCfg = Mattias|Any CPU
		{5574E8BF-6F17-4ED9-8F4D-6D256CD573F7}.Release|Any CPU.ActiveCfg = Release|Any CPU
		{5574E8BF-6F17-4ED9-8F4D-6D256CD573F7}.Release|Any CPU.Build.0 = Release|Any CPU
		{5574E8BF-6F17-4ED9-8F4D-6D256CD573F7}.Release|x86.ActiveCfg = Release|Any CPU
		{8FC81F7A-A73A-44AF-B4DF-884AD2B09475}.Azure|Any CPU.ActiveCfg = Azure|Any CPU
		{8FC81F7A-A73A-44AF-B4DF-884AD2B09475}.Azure|Any CPU.Build.0 = Azure|Any CPU
		{8FC81F7A-A73A-44AF-B4DF-884AD2B09475}.Azure|x86.ActiveCfg = Azure|Any CPU
		{8FC81F7A-A73A-44AF-B4DF-884AD2B09475}.Azuure|Any CPU.ActiveCfg = Azuure|Any CPU
		{8FC81F7A-A73A-44AF-B4DF-884AD2B09475}.Azuure|Any CPU.Build.0 = Azuure|Any CPU
		{8FC81F7A-A73A-44AF-B4DF-884AD2B09475}.Azuure|x86.ActiveCfg = Azuure|Any CPU
		{8FC81F7A-A73A-44AF-B4DF-884AD2B09475}.Azuuure|Any CPU.ActiveCfg = Azuuure|Any CPU
		{8FC81F7A-A73A-44AF-B4DF-884AD2B09475}.Azuuure|Any CPU.Build.0 = Azuuure|Any CPU
		{8FC81F7A-A73A-44AF-B4DF-884AD2B09475}.Azuuure|x86.ActiveCfg = Azuuure|Any CPU
		{8FC81F7A-A73A-44AF-B4DF-884AD2B09475}.Debug|Any CPU.ActiveCfg = Debug|Any CPU
		{8FC81F7A-A73A-44AF-B4DF-884AD2B09475}.Debug|Any CPU.Build.0 = Debug|Any CPU
		{8FC81F7A-A73A-44AF-B4DF-884AD2B09475}.Debug|x86.ActiveCfg = Debug|Any CPU
		{8FC81F7A-A73A-44AF-B4DF-884AD2B09475}.Mattias|Any CPU.ActiveCfg = Mattias|Any CPU
		{8FC81F7A-A73A-44AF-B4DF-884AD2B09475}.Mattias|Any CPU.Build.0 = Mattias|Any CPU
		{8FC81F7A-A73A-44AF-B4DF-884AD2B09475}.Mattias|x86.ActiveCfg = Mattias|Any CPU
		{8FC81F7A-A73A-44AF-B4DF-884AD2B09475}.Release|Any CPU.ActiveCfg = Release|Any CPU
		{8FC81F7A-A73A-44AF-B4DF-884AD2B09475}.Release|Any CPU.Build.0 = Release|Any CPU
		{8FC81F7A-A73A-44AF-B4DF-884AD2B09475}.Release|x86.ActiveCfg = Release|Any CPU
		{B7737ED4-0D28-45A7-91CA-8F65A331F6B9}.Azure|Any CPU.ActiveCfg = Azure|Any CPU
		{B7737ED4-0D28-45A7-91CA-8F65A331F6B9}.Azure|Any CPU.Build.0 = Azure|Any CPU
		{B7737ED4-0D28-45A7-91CA-8F65A331F6B9}.Azure|x86.ActiveCfg = Azure|x86
		{B7737ED4-0D28-45A7-91CA-8F65A331F6B9}.Azure|x86.Build.0 = Azure|x86
		{B7737ED4-0D28-45A7-91CA-8F65A331F6B9}.Azuure|Any CPU.ActiveCfg = Azuure|Any CPU
		{B7737ED4-0D28-45A7-91CA-8F65A331F6B9}.Azuure|Any CPU.Build.0 = Azuure|Any CPU
		{B7737ED4-0D28-45A7-91CA-8F65A331F6B9}.Azuure|x86.ActiveCfg = Azuure|x86
		{B7737ED4-0D28-45A7-91CA-8F65A331F6B9}.Azuure|x86.Build.0 = Azuure|x86
		{B7737ED4-0D28-45A7-91CA-8F65A331F6B9}.Azuuure|Any CPU.ActiveCfg = Azuuure|Any CPU
		{B7737ED4-0D28-45A7-91CA-8F65A331F6B9}.Azuuure|Any CPU.Build.0 = Azuuure|Any CPU
		{B7737ED4-0D28-45A7-91CA-8F65A331F6B9}.Azuuure|x86.ActiveCfg = Azuuure|x86
		{B7737ED4-0D28-45A7-91CA-8F65A331F6B9}.Azuuure|x86.Build.0 = Azuuure|x86
		{B7737ED4-0D28-45A7-91CA-8F65A331F6B9}.Debug|Any CPU.ActiveCfg = Debug|Any CPU
		{B7737ED4-0D28-45A7-91CA-8F65A331F6B9}.Debug|Any CPU.Build.0 = Debug|Any CPU
		{B7737ED4-0D28-45A7-91CA-8F65A331F6B9}.Debug|x86.ActiveCfg = Debug|x86
		{B7737ED4-0D28-45A7-91CA-8F65A331F6B9}.Debug|x86.Build.0 = Debug|x86
		{B7737ED4-0D28-45A7-91CA-8F65A331F6B9}.Mattias|Any CPU.ActiveCfg = Mattias|Any CPU
		{B7737ED4-0D28-45A7-91CA-8F65A331F6B9}.Mattias|Any CPU.Build.0 = Mattias|Any CPU
		{B7737ED4-0D28-45A7-91CA-8F65A331F6B9}.Mattias|x86.ActiveCfg = Mattias|x86
		{B7737ED4-0D28-45A7-91CA-8F65A331F6B9}.Mattias|x86.Build.0 = Mattias|x86
		{B7737ED4-0D28-45A7-91CA-8F65A331F6B9}.Release|Any CPU.ActiveCfg = Release|Any CPU
		{B7737ED4-0D28-45A7-91CA-8F65A331F6B9}.Release|Any CPU.Build.0 = Release|Any CPU
		{B7737ED4-0D28-45A7-91CA-8F65A331F6B9}.Release|x86.ActiveCfg = Release|x86
		{B7737ED4-0D28-45A7-91CA-8F65A331F6B9}.Release|x86.Build.0 = Release|x86
		{935C2265-A93D-4ACB-B5D0-C15F9752BCB0}.Azure|Any CPU.ActiveCfg = Azure|Any CPU
		{935C2265-A93D-4ACB-B5D0-C15F9752BCB0}.Azure|Any CPU.Build.0 = Azure|Any CPU
		{935C2265-A93D-4ACB-B5D0-C15F9752BCB0}.Azure|x86.ActiveCfg = Azure|Any CPU
		{935C2265-A93D-4ACB-B5D0-C15F9752BCB0}.Azuure|Any CPU.ActiveCfg = Azuure|Any CPU
		{935C2265-A93D-4ACB-B5D0-C15F9752BCB0}.Azuure|Any CPU.Build.0 = Azuure|Any CPU
		{935C2265-A93D-4ACB-B5D0-C15F9752BCB0}.Azuure|x86.ActiveCfg = Azuure|Any CPU
		{935C2265-A93D-4ACB-B5D0-C15F9752BCB0}.Azuuure|Any CPU.ActiveCfg = Azuuure|Any CPU
		{935C2265-A93D-4ACB-B5D0-C15F9752BCB0}.Azuuure|Any CPU.Build.0 = Azuuure|Any CPU
		{935C2265-A93D-4ACB-B5D0-C15F9752BCB0}.Azuuure|x86.ActiveCfg = Azuuure|Any CPU
		{935C2265-A93D-4ACB-B5D0-C15F9752BCB0}.Debug|Any CPU.ActiveCfg = Debug|Any CPU
		{935C2265-A93D-4ACB-B5D0-C15F9752BCB0}.Debug|Any CPU.Build.0 = Debug|Any CPU
		{935C2265-A93D-4ACB-B5D0-C15F9752BCB0}.Debug|x86.ActiveCfg = Debug|Any CPU
		{935C2265-A93D-4ACB-B5D0-C15F9752BCB0}.Mattias|Any CPU.ActiveCfg = Mattias|Any CPU
		{935C2265-A93D-4ACB-B5D0-C15F9752BCB0}.Mattias|Any CPU.Build.0 = Mattias|Any CPU
		{935C2265-A93D-4ACB-B5D0-C15F9752BCB0}.Mattias|x86.ActiveCfg = Mattias|Any CPU
		{935C2265-A93D-4ACB-B5D0-C15F9752BCB0}.Release|Any CPU.ActiveCfg = Release|Any CPU
		{935C2265-A93D-4ACB-B5D0-C15F9752BCB0}.Release|Any CPU.Build.0 = Release|Any CPU
		{935C2265-A93D-4ACB-B5D0-C15F9752BCB0}.Release|x86.ActiveCfg = Release|Any CPU
		{42DB3746-9B85-4360-AE86-6BC6B03DC70A}.Azure|Any CPU.ActiveCfg = Azure|Any CPU
		{42DB3746-9B85-4360-AE86-6BC6B03DC70A}.Azure|Any CPU.Build.0 = Azure|Any CPU
		{42DB3746-9B85-4360-AE86-6BC6B03DC70A}.Azure|x86.ActiveCfg = Azure|Any CPU
		{42DB3746-9B85-4360-AE86-6BC6B03DC70A}.Azuure|Any CPU.ActiveCfg = Azuure|Any CPU
		{42DB3746-9B85-4360-AE86-6BC6B03DC70A}.Azuure|Any CPU.Build.0 = Azuure|Any CPU
		{42DB3746-9B85-4360-AE86-6BC6B03DC70A}.Azuure|x86.ActiveCfg = Azuure|Any CPU
		{42DB3746-9B85-4360-AE86-6BC6B03DC70A}.Azuuure|Any CPU.ActiveCfg = Azuuure|Any CPU
		{42DB3746-9B85-4360-AE86-6BC6B03DC70A}.Azuuure|Any CPU.Build.0 = Azuuure|Any CPU
		{42DB3746-9B85-4360-AE86-6BC6B03DC70A}.Azuuure|x86.ActiveCfg = Azuuure|Any CPU
		{42DB3746-9B85-4360-AE86-6BC6B03DC70A}.Debug|Any CPU.ActiveCfg = Debug|Any CPU
		{42DB3746-9B85-4360-AE86-6BC6B03DC70A}.Debug|Any CPU.Build.0 = Debug|Any CPU
		{42DB3746-9B85-4360-AE86-6BC6B03DC70A}.Debug|x86.ActiveCfg = Debug|Any CPU
		{42DB3746-9B85-4360-AE86-6BC6B03DC70A}.Mattias|Any CPU.ActiveCfg = Mattias|Any CPU
		{42DB3746-9B85-4360-AE86-6BC6B03DC70A}.Mattias|Any CPU.Build.0 = Mattias|Any CPU
		{42DB3746-9B85-4360-AE86-6BC6B03DC70A}.Mattias|x86.ActiveCfg = Mattias|Any CPU
		{42DB3746-9B85-4360-AE86-6BC6B03DC70A}.Release|Any CPU.ActiveCfg = Release|Any CPU
		{42DB3746-9B85-4360-AE86-6BC6B03DC70A}.Release|Any CPU.Build.0 = Release|Any CPU
		{42DB3746-9B85-4360-AE86-6BC6B03DC70A}.Release|x86.ActiveCfg = Release|Any CPU
		{D6F565DA-52C0-4F63-8A94-B93D76493A8D}.Azure|Any CPU.ActiveCfg = Azure|Any CPU
		{D6F565DA-52C0-4F63-8A94-B93D76493A8D}.Azure|Any CPU.Build.0 = Azure|Any CPU
		{D6F565DA-52C0-4F63-8A94-B93D76493A8D}.Azure|x86.ActiveCfg = Azure|x86
		{D6F565DA-52C0-4F63-8A94-B93D76493A8D}.Azure|x86.Build.0 = Azure|x86
		{D6F565DA-52C0-4F63-8A94-B93D76493A8D}.Azuure|Any CPU.ActiveCfg = Azuure|Any CPU
		{D6F565DA-52C0-4F63-8A94-B93D76493A8D}.Azuure|Any CPU.Build.0 = Azuure|Any CPU
		{D6F565DA-52C0-4F63-8A94-B93D76493A8D}.Azuure|x86.ActiveCfg = Azuure|x86
		{D6F565DA-52C0-4F63-8A94-B93D76493A8D}.Azuure|x86.Build.0 = Azuure|x86
		{D6F565DA-52C0-4F63-8A94-B93D76493A8D}.Azuuure|Any CPU.ActiveCfg = Azuuure|Any CPU
		{D6F565DA-52C0-4F63-8A94-B93D76493A8D}.Azuuure|Any CPU.Build.0 = Azuuure|Any CPU
		{D6F565DA-52C0-4F63-8A94-B93D76493A8D}.Azuuure|x86.ActiveCfg = Azuuure|x86
		{D6F565DA-52C0-4F63-8A94-B93D76493A8D}.Azuuure|x86.Build.0 = Azuuure|x86
		{D6F565DA-52C0-4F63-8A94-B93D76493A8D}.Debug|Any CPU.ActiveCfg = Debug|Any CPU
		{D6F565DA-52C0-4F63-8A94-B93D76493A8D}.Debug|Any CPU.Build.0 = Debug|Any CPU
		{D6F565DA-52C0-4F63-8A94-B93D76493A8D}.Debug|x86.ActiveCfg = Debug|x86
		{D6F565DA-52C0-4F63-8A94-B93D76493A8D}.Debug|x86.Build.0 = Debug|x86
		{D6F565DA-52C0-4F63-8A94-B93D76493A8D}.Mattias|Any CPU.ActiveCfg = Mattias|Any CPU
		{D6F565DA-52C0-4F63-8A94-B93D76493A8D}.Mattias|Any CPU.Build.0 = Mattias|Any CPU
		{D6F565DA-52C0-4F63-8A94-B93D76493A8D}.Mattias|x86.ActiveCfg = Mattias|x86
		{D6F565DA-52C0-4F63-8A94-B93D76493A8D}.Mattias|x86.Build.0 = Mattias|x86
		{D6F565DA-52C0-4F63-8A94-B93D76493A8D}.Release|Any CPU.ActiveCfg = Release|Any CPU
		{D6F565DA-52C0-4F63-8A94-B93D76493A8D}.Release|Any CPU.Build.0 = Release|Any CPU
		{D6F565DA-52C0-4F63-8A94-B93D76493A8D}.Release|x86.ActiveCfg = Release|x86
		{D6F565DA-52C0-4F63-8A94-B93D76493A8D}.Release|x86.Build.0 = Release|x86
		{B650DA51-4A23-41AD-9135-4D05363153E0}.Azure|Any CPU.ActiveCfg = Azure|Any CPU
		{B650DA51-4A23-41AD-9135-4D05363153E0}.Azure|Any CPU.Build.0 = Azure|Any CPU
		{B650DA51-4A23-41AD-9135-4D05363153E0}.Azure|x86.ActiveCfg = Azure|Any CPU
		{B650DA51-4A23-41AD-9135-4D05363153E0}.Azuure|Any CPU.ActiveCfg = Azuure|Any CPU
		{B650DA51-4A23-41AD-9135-4D05363153E0}.Azuure|Any CPU.Build.0 = Azuure|Any CPU
		{B650DA51-4A23-41AD-9135-4D05363153E0}.Azuure|x86.ActiveCfg = Azuure|Any CPU
		{B650DA51-4A23-41AD-9135-4D05363153E0}.Azuuure|Any CPU.ActiveCfg = Azuuure|Any CPU
		{B650DA51-4A23-41AD-9135-4D05363153E0}.Azuuure|Any CPU.Build.0 = Azuuure|Any CPU
		{B650DA51-4A23-41AD-9135-4D05363153E0}.Azuuure|x86.ActiveCfg = Azuuure|Any CPU
		{B650DA51-4A23-41AD-9135-4D05363153E0}.Debug|Any CPU.ActiveCfg = Debug|Any CPU
		{B650DA51-4A23-41AD-9135-4D05363153E0}.Debug|Any CPU.Build.0 = Debug|Any CPU
		{B650DA51-4A23-41AD-9135-4D05363153E0}.Debug|x86.ActiveCfg = Debug|Any CPU
		{B650DA51-4A23-41AD-9135-4D05363153E0}.Mattias|Any CPU.ActiveCfg = Mattias|Any CPU
		{B650DA51-4A23-41AD-9135-4D05363153E0}.Mattias|Any CPU.Build.0 = Mattias|Any CPU
		{B650DA51-4A23-41AD-9135-4D05363153E0}.Mattias|x86.ActiveCfg = Mattias|Any CPU
		{B650DA51-4A23-41AD-9135-4D05363153E0}.Release|Any CPU.ActiveCfg = Release|Any CPU
		{B650DA51-4A23-41AD-9135-4D05363153E0}.Release|Any CPU.Build.0 = Release|Any CPU
		{B650DA51-4A23-41AD-9135-4D05363153E0}.Release|x86.ActiveCfg = Release|Any CPU
		{8F865E91-4521-42B8-B482-EE5BD361B7BD}.Azure|Any CPU.ActiveCfg = Azure|Any CPU
		{8F865E91-4521-42B8-B482-EE5BD361B7BD}.Azure|Any CPU.Build.0 = Azure|Any CPU
		{8F865E91-4521-42B8-B482-EE5BD361B7BD}.Azure|x86.ActiveCfg = Azure|Any CPU
		{8F865E91-4521-42B8-B482-EE5BD361B7BD}.Azuure|Any CPU.ActiveCfg = Azuure|Any CPU
		{8F865E91-4521-42B8-B482-EE5BD361B7BD}.Azuure|Any CPU.Build.0 = Azuure|Any CPU
		{8F865E91-4521-42B8-B482-EE5BD361B7BD}.Azuure|x86.ActiveCfg = Azuure|Any CPU
		{8F865E91-4521-42B8-B482-EE5BD361B7BD}.Azuuure|Any CPU.ActiveCfg = Azuuure|Any CPU
		{8F865E91-4521-42B8-B482-EE5BD361B7BD}.Azuuure|Any CPU.Build.0 = Azuuure|Any CPU
		{8F865E91-4521-42B8-B482-EE5BD361B7BD}.Azuuure|x86.ActiveCfg = Azuuure|Any CPU
		{8F865E91-4521-42B8-B482-EE5BD361B7BD}.Debug|Any CPU.ActiveCfg = Debug|Any CPU
		{8F865E91-4521-42B8-B482-EE5BD361B7BD}.Debug|Any CPU.Build.0 = Debug|Any CPU
		{8F865E91-4521-42B8-B482-EE5BD361B7BD}.Debug|x86.ActiveCfg = Debug|Any CPU
		{8F865E91-4521-42B8-B482-EE5BD361B7BD}.Mattias|Any CPU.ActiveCfg = Mattias|Any CPU
		{8F865E91-4521-42B8-B482-EE5BD361B7BD}.Mattias|Any CPU.Build.0 = Mattias|Any CPU
		{8F865E91-4521-42B8-B482-EE5BD361B7BD}.Mattias|x86.ActiveCfg = Mattias|Any CPU
		{8F865E91-4521-42B8-B482-EE5BD361B7BD}.Release|Any CPU.ActiveCfg = Release|Any CPU
		{8F865E91-4521-42B8-B482-EE5BD361B7BD}.Release|Any CPU.Build.0 = Release|Any CPU
		{8F865E91-4521-42B8-B482-EE5BD361B7BD}.Release|x86.ActiveCfg = Release|Any CPU
		{8DADE5F7-BCF1-4DF0-8349-6E784BFA3853}.Azure|Any CPU.ActiveCfg = Azure|Any CPU
		{8DADE5F7-BCF1-4DF0-8349-6E784BFA3853}.Azure|Any CPU.Build.0 = Azure|Any CPU
		{8DADE5F7-BCF1-4DF0-8349-6E784BFA3853}.Azure|x86.ActiveCfg = Azure|Any CPU
		{8DADE5F7-BCF1-4DF0-8349-6E784BFA3853}.Azuure|Any CPU.ActiveCfg = Azuure|Any CPU
		{8DADE5F7-BCF1-4DF0-8349-6E784BFA3853}.Azuure|Any CPU.Build.0 = Azuure|Any CPU
		{8DADE5F7-BCF1-4DF0-8349-6E784BFA3853}.Azuure|x86.ActiveCfg = Azuure|Any CPU
		{8DADE5F7-BCF1-4DF0-8349-6E784BFA3853}.Azuuure|Any CPU.ActiveCfg = Azuuure|Any CPU
		{8DADE5F7-BCF1-4DF0-8349-6E784BFA3853}.Azuuure|Any CPU.Build.0 = Azuuure|Any CPU
		{8DADE5F7-BCF1-4DF0-8349-6E784BFA3853}.Azuuure|x86.ActiveCfg = Azuuure|Any CPU
		{8DADE5F7-BCF1-4DF0-8349-6E784BFA3853}.Debug|Any CPU.ActiveCfg = Debug|Any CPU
		{8DADE5F7-BCF1-4DF0-8349-6E784BFA3853}.Debug|Any CPU.Build.0 = Debug|Any CPU
		{8DADE5F7-BCF1-4DF0-8349-6E784BFA3853}.Debug|x86.ActiveCfg = Debug|Any CPU
		{8DADE5F7-BCF1-4DF0-8349-6E784BFA3853}.Mattias|Any CPU.ActiveCfg = Mattias|Any CPU
		{8DADE5F7-BCF1-4DF0-8349-6E784BFA3853}.Mattias|Any CPU.Build.0 = Mattias|Any CPU
		{8DADE5F7-BCF1-4DF0-8349-6E784BFA3853}.Mattias|x86.ActiveCfg = Mattias|Any CPU
		{8DADE5F7-BCF1-4DF0-8349-6E784BFA3853}.Release|Any CPU.ActiveCfg = Release|Any CPU
		{8DADE5F7-BCF1-4DF0-8349-6E784BFA3853}.Release|Any CPU.Build.0 = Release|Any CPU
		{8DADE5F7-BCF1-4DF0-8349-6E784BFA3853}.Release|x86.ActiveCfg = Release|Any CPU
		{4B259ABD-289F-4817-A827-FAC916205403}.Azure|Any CPU.ActiveCfg = Azure|Any CPU
		{4B259ABD-289F-4817-A827-FAC916205403}.Azure|Any CPU.Build.0 = Azure|Any CPU
		{4B259ABD-289F-4817-A827-FAC916205403}.Azure|x86.ActiveCfg = Azure|x86
		{4B259ABD-289F-4817-A827-FAC916205403}.Azure|x86.Build.0 = Azure|x86
		{4B259ABD-289F-4817-A827-FAC916205403}.Azuure|Any CPU.ActiveCfg = Azuure|Any CPU
		{4B259ABD-289F-4817-A827-FAC916205403}.Azuure|Any CPU.Build.0 = Azuure|Any CPU
		{4B259ABD-289F-4817-A827-FAC916205403}.Azuure|x86.ActiveCfg = Azuure|x86
		{4B259ABD-289F-4817-A827-FAC916205403}.Azuure|x86.Build.0 = Azuure|x86
		{4B259ABD-289F-4817-A827-FAC916205403}.Azuuure|Any CPU.ActiveCfg = Azuuure|Any CPU
		{4B259ABD-289F-4817-A827-FAC916205403}.Azuuure|Any CPU.Build.0 = Azuuure|Any CPU
		{4B259ABD-289F-4817-A827-FAC916205403}.Azuuure|x86.ActiveCfg = Azuuure|x86
		{4B259ABD-289F-4817-A827-FAC916205403}.Azuuure|x86.Build.0 = Azuuure|x86
		{4B259ABD-289F-4817-A827-FAC916205403}.Debug|Any CPU.ActiveCfg = Debug|Any CPU
		{4B259ABD-289F-4817-A827-FAC916205403}.Debug|Any CPU.Build.0 = Debug|Any CPU
		{4B259ABD-289F-4817-A827-FAC916205403}.Debug|x86.ActiveCfg = Debug|x86
		{4B259ABD-289F-4817-A827-FAC916205403}.Debug|x86.Build.0 = Debug|x86
		{4B259ABD-289F-4817-A827-FAC916205403}.Mattias|Any CPU.ActiveCfg = Mattias|Any CPU
		{4B259ABD-289F-4817-A827-FAC916205403}.Mattias|Any CPU.Build.0 = Mattias|Any CPU
		{4B259ABD-289F-4817-A827-FAC916205403}.Mattias|x86.ActiveCfg = Mattias|x86
		{4B259ABD-289F-4817-A827-FAC916205403}.Mattias|x86.Build.0 = Mattias|x86
		{4B259ABD-289F-4817-A827-FAC916205403}.Release|Any CPU.ActiveCfg = Release|Any CPU
		{4B259ABD-289F-4817-A827-FAC916205403}.Release|Any CPU.Build.0 = Release|Any CPU
		{4B259ABD-289F-4817-A827-FAC916205403}.Release|x86.ActiveCfg = Release|x86
		{4B259ABD-289F-4817-A827-FAC916205403}.Release|x86.Build.0 = Release|x86
		{87E980D9-C204-42FC-AA59-0373EBEAFF55}.Azure|Any CPU.ActiveCfg = Azure|Any CPU
		{87E980D9-C204-42FC-AA59-0373EBEAFF55}.Azure|Any CPU.Build.0 = Azure|Any CPU
		{87E980D9-C204-42FC-AA59-0373EBEAFF55}.Azure|x86.ActiveCfg = Azure|Any CPU
		{87E980D9-C204-42FC-AA59-0373EBEAFF55}.Azuure|Any CPU.ActiveCfg = Azuure|Any CPU
		{87E980D9-C204-42FC-AA59-0373EBEAFF55}.Azuure|Any CPU.Build.0 = Azuure|Any CPU
		{87E980D9-C204-42FC-AA59-0373EBEAFF55}.Azuure|x86.ActiveCfg = Azuure|Any CPU
		{87E980D9-C204-42FC-AA59-0373EBEAFF55}.Azuuure|Any CPU.ActiveCfg = Azuuure|Any CPU
		{87E980D9-C204-42FC-AA59-0373EBEAFF55}.Azuuure|Any CPU.Build.0 = Azuuure|Any CPU
		{87E980D9-C204-42FC-AA59-0373EBEAFF55}.Azuuure|x86.ActiveCfg = Azuuure|Any CPU
		{87E980D9-C204-42FC-AA59-0373EBEAFF55}.Debug|Any CPU.ActiveCfg = Debug|Any CPU
		{87E980D9-C204-42FC-AA59-0373EBEAFF55}.Debug|Any CPU.Build.0 = Debug|Any CPU
		{87E980D9-C204-42FC-AA59-0373EBEAFF55}.Debug|x86.ActiveCfg = Debug|Any CPU
		{87E980D9-C204-42FC-AA59-0373EBEAFF55}.Mattias|Any CPU.ActiveCfg = Mattias|Any CPU
		{87E980D9-C204-42FC-AA59-0373EBEAFF55}.Mattias|Any CPU.Build.0 = Mattias|Any CPU
		{87E980D9-C204-42FC-AA59-0373EBEAFF55}.Mattias|x86.ActiveCfg = Mattias|Any CPU
		{87E980D9-C204-42FC-AA59-0373EBEAFF55}.Release|Any CPU.ActiveCfg = Release|Any CPU
		{87E980D9-C204-42FC-AA59-0373EBEAFF55}.Release|Any CPU.Build.0 = Release|Any CPU
		{87E980D9-C204-42FC-AA59-0373EBEAFF55}.Release|x86.ActiveCfg = Release|Any CPU
		{68789E59-88B7-41FF-A537-DFABF449D865}.Azure|Any CPU.ActiveCfg = Azure|Any CPU
		{68789E59-88B7-41FF-A537-DFABF449D865}.Azure|Any CPU.Build.0 = Azure|Any CPU
		{68789E59-88B7-41FF-A537-DFABF449D865}.Azure|x86.ActiveCfg = Azure|Any CPU
		{68789E59-88B7-41FF-A537-DFABF449D865}.Azuure|Any CPU.ActiveCfg = Azuure|Any CPU
		{68789E59-88B7-41FF-A537-DFABF449D865}.Azuure|Any CPU.Build.0 = Azuure|Any CPU
		{68789E59-88B7-41FF-A537-DFABF449D865}.Azuure|x86.ActiveCfg = Azuure|Any CPU
		{68789E59-88B7-41FF-A537-DFABF449D865}.Azuuure|Any CPU.ActiveCfg = Azuuure|Any CPU
		{68789E59-88B7-41FF-A537-DFABF449D865}.Azuuure|Any CPU.Build.0 = Azuuure|Any CPU
		{68789E59-88B7-41FF-A537-DFABF449D865}.Azuuure|x86.ActiveCfg = Azuuure|Any CPU
		{68789E59-88B7-41FF-A537-DFABF449D865}.Debug|Any CPU.ActiveCfg = Debug|Any CPU
		{68789E59-88B7-41FF-A537-DFABF449D865}.Debug|Any CPU.Build.0 = Debug|Any CPU
		{68789E59-88B7-41FF-A537-DFABF449D865}.Debug|x86.ActiveCfg = Debug|Any CPU
		{68789E59-88B7-41FF-A537-DFABF449D865}.Mattias|Any CPU.ActiveCfg = Mattias|Any CPU
		{68789E59-88B7-41FF-A537-DFABF449D865}.Mattias|Any CPU.Build.0 = Mattias|Any CPU
		{68789E59-88B7-41FF-A537-DFABF449D865}.Mattias|x86.ActiveCfg = Mattias|Any CPU
		{68789E59-88B7-41FF-A537-DFABF449D865}.Release|Any CPU.ActiveCfg = Release|Any CPU
		{68789E59-88B7-41FF-A537-DFABF449D865}.Release|Any CPU.Build.0 = Release|Any CPU
		{68789E59-88B7-41FF-A537-DFABF449D865}.Release|x86.ActiveCfg = Release|Any CPU
		{D084467C-3CFB-43C6-8035-275A248CF132}.Azure|Any CPU.ActiveCfg = Azure|Any CPU
		{D084467C-3CFB-43C6-8035-275A248CF132}.Azure|Any CPU.Build.0 = Azure|Any CPU
		{D084467C-3CFB-43C6-8035-275A248CF132}.Azure|x86.ActiveCfg = Azure|x86
		{D084467C-3CFB-43C6-8035-275A248CF132}.Azure|x86.Build.0 = Azure|x86
		{D084467C-3CFB-43C6-8035-275A248CF132}.Azuure|Any CPU.ActiveCfg = Azuure|Any CPU
		{D084467C-3CFB-43C6-8035-275A248CF132}.Azuure|Any CPU.Build.0 = Azuure|Any CPU
		{D084467C-3CFB-43C6-8035-275A248CF132}.Azuure|x86.ActiveCfg = Azuure|x86
		{D084467C-3CFB-43C6-8035-275A248CF132}.Azuure|x86.Build.0 = Azuure|x86
		{D084467C-3CFB-43C6-8035-275A248CF132}.Azuuure|Any CPU.ActiveCfg = Azuuure|Any CPU
		{D084467C-3CFB-43C6-8035-275A248CF132}.Azuuure|Any CPU.Build.0 = Azuuure|Any CPU
		{D084467C-3CFB-43C6-8035-275A248CF132}.Azuuure|x86.ActiveCfg = Azuuure|x86
		{D084467C-3CFB-43C6-8035-275A248CF132}.Azuuure|x86.Build.0 = Azuuure|x86
		{D084467C-3CFB-43C6-8035-275A248CF132}.Debug|Any CPU.ActiveCfg = Debug|Any CPU
		{D084467C-3CFB-43C6-8035-275A248CF132}.Debug|Any CPU.Build.0 = Debug|Any CPU
		{D084467C-3CFB-43C6-8035-275A248CF132}.Debug|x86.ActiveCfg = Debug|x86
		{D084467C-3CFB-43C6-8035-275A248CF132}.Debug|x86.Build.0 = Debug|x86
		{D084467C-3CFB-43C6-8035-275A248CF132}.Mattias|Any CPU.ActiveCfg = Mattias|Any CPU
		{D084467C-3CFB-43C6-8035-275A248CF132}.Mattias|Any CPU.Build.0 = Mattias|Any CPU
		{D084467C-3CFB-43C6-8035-275A248CF132}.Mattias|x86.ActiveCfg = Mattias|x86
		{D084467C-3CFB-43C6-8035-275A248CF132}.Mattias|x86.Build.0 = Mattias|x86
		{D084467C-3CFB-43C6-8035-275A248CF132}.Release|Any CPU.ActiveCfg = Release|Any CPU
		{D084467C-3CFB-43C6-8035-275A248CF132}.Release|Any CPU.Build.0 = Release|Any CPU
		{D084467C-3CFB-43C6-8035-275A248CF132}.Release|x86.ActiveCfg = Release|x86
		{D084467C-3CFB-43C6-8035-275A248CF132}.Release|x86.Build.0 = Release|x86
		{96C253B7-6401-4206-9631-3F797F7448D1}.Azure|Any CPU.ActiveCfg = Azure|Any CPU
		{96C253B7-6401-4206-9631-3F797F7448D1}.Azure|Any CPU.Build.0 = Azure|Any CPU
		{96C253B7-6401-4206-9631-3F797F7448D1}.Azure|x86.ActiveCfg = Azure|Any CPU
		{96C253B7-6401-4206-9631-3F797F7448D1}.Azuure|Any CPU.ActiveCfg = Azuure|Any CPU
		{96C253B7-6401-4206-9631-3F797F7448D1}.Azuure|Any CPU.Build.0 = Azuure|Any CPU
		{96C253B7-6401-4206-9631-3F797F7448D1}.Azuure|x86.ActiveCfg = Azuure|Any CPU
		{96C253B7-6401-4206-9631-3F797F7448D1}.Azuuure|Any CPU.ActiveCfg = Azuuure|Any CPU
		{96C253B7-6401-4206-9631-3F797F7448D1}.Azuuure|Any CPU.Build.0 = Azuuure|Any CPU
		{96C253B7-6401-4206-9631-3F797F7448D1}.Azuuure|x86.ActiveCfg = Azuuure|Any CPU
		{96C253B7-6401-4206-9631-3F797F7448D1}.Debug|Any CPU.ActiveCfg = Debug|Any CPU
		{96C253B7-6401-4206-9631-3F797F7448D1}.Debug|Any CPU.Build.0 = Debug|Any CPU
		{96C253B7-6401-4206-9631-3F797F7448D1}.Debug|x86.ActiveCfg = Debug|Any CPU
		{96C253B7-6401-4206-9631-3F797F7448D1}.Mattias|Any CPU.ActiveCfg = Mattias|Any CPU
		{96C253B7-6401-4206-9631-3F797F7448D1}.Mattias|Any CPU.Build.0 = Mattias|Any CPU
		{96C253B7-6401-4206-9631-3F797F7448D1}.Mattias|x86.ActiveCfg = Mattias|Any CPU
		{96C253B7-6401-4206-9631-3F797F7448D1}.Release|Any CPU.ActiveCfg = Release|Any CPU
		{96C253B7-6401-4206-9631-3F797F7448D1}.Release|Any CPU.Build.0 = Release|Any CPU
		{96C253B7-6401-4206-9631-3F797F7448D1}.Release|x86.ActiveCfg = Release|Any CPU
		{6DDC8956-8E6C-48E4-ABD9-22FFF7A98BDE}.Azure|Any CPU.ActiveCfg = Azure|Any CPU
		{6DDC8956-8E6C-48E4-ABD9-22FFF7A98BDE}.Azure|Any CPU.Build.0 = Azure|Any CPU
		{6DDC8956-8E6C-48E4-ABD9-22FFF7A98BDE}.Azure|x86.ActiveCfg = Azure|Any CPU
		{6DDC8956-8E6C-48E4-ABD9-22FFF7A98BDE}.Azuure|Any CPU.ActiveCfg = Azuure|Any CPU
		{6DDC8956-8E6C-48E4-ABD9-22FFF7A98BDE}.Azuure|Any CPU.Build.0 = Azuure|Any CPU
		{6DDC8956-8E6C-48E4-ABD9-22FFF7A98BDE}.Azuure|x86.ActiveCfg = Azuure|Any CPU
		{6DDC8956-8E6C-48E4-ABD9-22FFF7A98BDE}.Azuuure|Any CPU.ActiveCfg = Azuuure|Any CPU
		{6DDC8956-8E6C-48E4-ABD9-22FFF7A98BDE}.Azuuure|Any CPU.Build.0 = Azuuure|Any CPU
		{6DDC8956-8E6C-48E4-ABD9-22FFF7A98BDE}.Azuuure|x86.ActiveCfg = Azuuure|Any CPU
		{6DDC8956-8E6C-48E4-ABD9-22FFF7A98BDE}.Debug|Any CPU.ActiveCfg = Debug|Any CPU
		{6DDC8956-8E6C-48E4-ABD9-22FFF7A98BDE}.Debug|Any CPU.Build.0 = Debug|Any CPU
		{6DDC8956-8E6C-48E4-ABD9-22FFF7A98BDE}.Debug|x86.ActiveCfg = Debug|Any CPU
		{6DDC8956-8E6C-48E4-ABD9-22FFF7A98BDE}.Mattias|Any CPU.ActiveCfg = Mattias|Any CPU
		{6DDC8956-8E6C-48E4-ABD9-22FFF7A98BDE}.Mattias|Any CPU.Build.0 = Mattias|Any CPU
		{6DDC8956-8E6C-48E4-ABD9-22FFF7A98BDE}.Mattias|x86.ActiveCfg = Mattias|Any CPU
		{6DDC8956-8E6C-48E4-ABD9-22FFF7A98BDE}.Release|Any CPU.ActiveCfg = Release|Any CPU
		{6DDC8956-8E6C-48E4-ABD9-22FFF7A98BDE}.Release|Any CPU.Build.0 = Release|Any CPU
		{6DDC8956-8E6C-48E4-ABD9-22FFF7A98BDE}.Release|x86.ActiveCfg = Release|Any CPU
		{F62B1B55-11DD-46B0-87DE-C46ADBEB2EF7}.Azure|Any CPU.ActiveCfg = Azure|Any CPU
		{F62B1B55-11DD-46B0-87DE-C46ADBEB2EF7}.Azure|Any CPU.Build.0 = Azure|Any CPU
		{F62B1B55-11DD-46B0-87DE-C46ADBEB2EF7}.Azure|x86.ActiveCfg = Azure|x86
		{F62B1B55-11DD-46B0-87DE-C46ADBEB2EF7}.Azure|x86.Build.0 = Azure|x86
		{F62B1B55-11DD-46B0-87DE-C46ADBEB2EF7}.Azuure|Any CPU.ActiveCfg = Azuure|Any CPU
		{F62B1B55-11DD-46B0-87DE-C46ADBEB2EF7}.Azuure|Any CPU.Build.0 = Azuure|Any CPU
		{F62B1B55-11DD-46B0-87DE-C46ADBEB2EF7}.Azuure|x86.ActiveCfg = Azuure|x86
		{F62B1B55-11DD-46B0-87DE-C46ADBEB2EF7}.Azuure|x86.Build.0 = Azuure|x86
		{F62B1B55-11DD-46B0-87DE-C46ADBEB2EF7}.Azuuure|Any CPU.ActiveCfg = Azuuure|Any CPU
		{F62B1B55-11DD-46B0-87DE-C46ADBEB2EF7}.Azuuure|Any CPU.Build.0 = Azuuure|Any CPU
		{F62B1B55-11DD-46B0-87DE-C46ADBEB2EF7}.Azuuure|x86.ActiveCfg = Azuuure|x86
		{F62B1B55-11DD-46B0-87DE-C46ADBEB2EF7}.Azuuure|x86.Build.0 = Azuuure|x86
		{F62B1B55-11DD-46B0-87DE-C46ADBEB2EF7}.Debug|Any CPU.ActiveCfg = Debug|Any CPU
		{F62B1B55-11DD-46B0-87DE-C46ADBEB2EF7}.Debug|Any CPU.Build.0 = Debug|Any CPU
		{F62B1B55-11DD-46B0-87DE-C46ADBEB2EF7}.Debug|x86.ActiveCfg = Debug|x86
		{F62B1B55-11DD-46B0-87DE-C46ADBEB2EF7}.Debug|x86.Build.0 = Debug|x86
		{F62B1B55-11DD-46B0-87DE-C46ADBEB2EF7}.Mattias|Any CPU.ActiveCfg = Mattias|Any CPU
		{F62B1B55-11DD-46B0-87DE-C46ADBEB2EF7}.Mattias|Any CPU.Build.0 = Mattias|Any CPU
		{F62B1B55-11DD-46B0-87DE-C46ADBEB2EF7}.Mattias|x86.ActiveCfg = Mattias|x86
		{F62B1B55-11DD-46B0-87DE-C46ADBEB2EF7}.Mattias|x86.Build.0 = Mattias|x86
		{F62B1B55-11DD-46B0-87DE-C46ADBEB2EF7}.Release|Any CPU.ActiveCfg = Release|Any CPU
		{F62B1B55-11DD-46B0-87DE-C46ADBEB2EF7}.Release|Any CPU.Build.0 = Release|Any CPU
		{F62B1B55-11DD-46B0-87DE-C46ADBEB2EF7}.Release|x86.ActiveCfg = Release|x86
		{F62B1B55-11DD-46B0-87DE-C46ADBEB2EF7}.Release|x86.Build.0 = Release|x86
		{5F890C01-B8E7-478E-B4AA-7F87F8DDFAC6}.Azure|Any CPU.ActiveCfg = Azure|Any CPU
		{5F890C01-B8E7-478E-B4AA-7F87F8DDFAC6}.Azure|Any CPU.Build.0 = Azure|Any CPU
		{5F890C01-B8E7-478E-B4AA-7F87F8DDFAC6}.Azure|x86.ActiveCfg = Azure|Any CPU
		{5F890C01-B8E7-478E-B4AA-7F87F8DDFAC6}.Azuure|Any CPU.ActiveCfg = Azuure|Any CPU
		{5F890C01-B8E7-478E-B4AA-7F87F8DDFAC6}.Azuure|Any CPU.Build.0 = Azuure|Any CPU
		{5F890C01-B8E7-478E-B4AA-7F87F8DDFAC6}.Azuure|x86.ActiveCfg = Azuure|Any CPU
		{5F890C01-B8E7-478E-B4AA-7F87F8DDFAC6}.Azuuure|Any CPU.ActiveCfg = Azuuure|Any CPU
		{5F890C01-B8E7-478E-B4AA-7F87F8DDFAC6}.Azuuure|Any CPU.Build.0 = Azuuure|Any CPU
		{5F890C01-B8E7-478E-B4AA-7F87F8DDFAC6}.Azuuure|x86.ActiveCfg = Azuuure|Any CPU
		{5F890C01-B8E7-478E-B4AA-7F87F8DDFAC6}.Debug|Any CPU.ActiveCfg = Debug|Any CPU
		{5F890C01-B8E7-478E-B4AA-7F87F8DDFAC6}.Debug|Any CPU.Build.0 = Debug|Any CPU
		{5F890C01-B8E7-478E-B4AA-7F87F8DDFAC6}.Debug|x86.ActiveCfg = Debug|Any CPU
		{5F890C01-B8E7-478E-B4AA-7F87F8DDFAC6}.Mattias|Any CPU.ActiveCfg = Mattias|Any CPU
		{5F890C01-B8E7-478E-B4AA-7F87F8DDFAC6}.Mattias|Any CPU.Build.0 = Mattias|Any CPU
		{5F890C01-B8E7-478E-B4AA-7F87F8DDFAC6}.Mattias|x86.ActiveCfg = Mattias|Any CPU
		{5F890C01-B8E7-478E-B4AA-7F87F8DDFAC6}.Release|Any CPU.ActiveCfg = Release|Any CPU
		{5F890C01-B8E7-478E-B4AA-7F87F8DDFAC6}.Release|Any CPU.Build.0 = Release|Any CPU
		{5F890C01-B8E7-478E-B4AA-7F87F8DDFAC6}.Release|x86.ActiveCfg = Release|Any CPU
		{671F15FD-E305-47F2-8036-D02E57D9F669}.Azure|Any CPU.ActiveCfg = Azure|Any CPU
		{671F15FD-E305-47F2-8036-D02E57D9F669}.Azure|Any CPU.Build.0 = Azure|Any CPU
		{671F15FD-E305-47F2-8036-D02E57D9F669}.Azure|x86.ActiveCfg = Azure|Any CPU
		{671F15FD-E305-47F2-8036-D02E57D9F669}.Azuure|Any CPU.ActiveCfg = Azuure|Any CPU
		{671F15FD-E305-47F2-8036-D02E57D9F669}.Azuure|Any CPU.Build.0 = Azuure|Any CPU
		{671F15FD-E305-47F2-8036-D02E57D9F669}.Azuure|x86.ActiveCfg = Azuure|Any CPU
		{671F15FD-E305-47F2-8036-D02E57D9F669}.Azuuure|Any CPU.ActiveCfg = Azuuure|Any CPU
		{671F15FD-E305-47F2-8036-D02E57D9F669}.Azuuure|Any CPU.Build.0 = Azuuure|Any CPU
		{671F15FD-E305-47F2-8036-D02E57D9F669}.Azuuure|x86.ActiveCfg = Azuuure|Any CPU
		{671F15FD-E305-47F2-8036-D02E57D9F669}.Debug|Any CPU.ActiveCfg = Debug|Any CPU
		{671F15FD-E305-47F2-8036-D02E57D9F669}.Debug|Any CPU.Build.0 = Debug|Any CPU
		{671F15FD-E305-47F2-8036-D02E57D9F669}.Debug|x86.ActiveCfg = Debug|Any CPU
		{671F15FD-E305-47F2-8036-D02E57D9F669}.Mattias|Any CPU.ActiveCfg = Mattias|Any CPU
		{671F15FD-E305-47F2-8036-D02E57D9F669}.Mattias|Any CPU.Build.0 = Mattias|Any CPU
		{671F15FD-E305-47F2-8036-D02E57D9F669}.Mattias|x86.ActiveCfg = Mattias|Any CPU
		{671F15FD-E305-47F2-8036-D02E57D9F669}.Release|Any CPU.ActiveCfg = Release|Any CPU
		{671F15FD-E305-47F2-8036-D02E57D9F669}.Release|Any CPU.Build.0 = Release|Any CPU
		{671F15FD-E305-47F2-8036-D02E57D9F669}.Release|x86.ActiveCfg = Release|Any CPU
		{DDC18790-FD58-43E3-87AF-7026021957EF}.Azure|Any CPU.ActiveCfg = Azure|Any CPU
		{DDC18790-FD58-43E3-87AF-7026021957EF}.Azure|Any CPU.Build.0 = Azure|Any CPU
		{DDC18790-FD58-43E3-87AF-7026021957EF}.Azure|x86.ActiveCfg = Azure|Any CPU
		{DDC18790-FD58-43E3-87AF-7026021957EF}.Azuure|Any CPU.ActiveCfg = Azuure|Any CPU
		{DDC18790-FD58-43E3-87AF-7026021957EF}.Azuure|Any CPU.Build.0 = Azuure|Any CPU
		{DDC18790-FD58-43E3-87AF-7026021957EF}.Azuure|x86.ActiveCfg = Azuure|Any CPU
		{DDC18790-FD58-43E3-87AF-7026021957EF}.Azuuure|Any CPU.ActiveCfg = Azuuure|Any CPU
		{DDC18790-FD58-43E3-87AF-7026021957EF}.Azuuure|Any CPU.Build.0 = Azuuure|Any CPU
		{DDC18790-FD58-43E3-87AF-7026021957EF}.Azuuure|x86.ActiveCfg = Azuuure|Any CPU
		{DDC18790-FD58-43E3-87AF-7026021957EF}.Debug|Any CPU.ActiveCfg = Debug|Any CPU
		{DDC18790-FD58-43E3-87AF-7026021957EF}.Debug|Any CPU.Build.0 = Debug|Any CPU
		{DDC18790-FD58-43E3-87AF-7026021957EF}.Debug|x86.ActiveCfg = Debug|Any CPU
		{DDC18790-FD58-43E3-87AF-7026021957EF}.Mattias|Any CPU.ActiveCfg = Mattias|Any CPU
		{DDC18790-FD58-43E3-87AF-7026021957EF}.Mattias|Any CPU.Build.0 = Mattias|Any CPU
		{DDC18790-FD58-43E3-87AF-7026021957EF}.Mattias|x86.ActiveCfg = Mattias|Any CPU
		{DDC18790-FD58-43E3-87AF-7026021957EF}.Release|Any CPU.ActiveCfg = Release|Any CPU
		{DDC18790-FD58-43E3-87AF-7026021957EF}.Release|Any CPU.Build.0 = Release|Any CPU
		{DDC18790-FD58-43E3-87AF-7026021957EF}.Release|x86.ActiveCfg = Release|Any CPU
		{14C0E201-EA6F-4E8B-B213-BC2FEF7DA755}.Azure|Any CPU.ActiveCfg = Azure|Any CPU
		{14C0E201-EA6F-4E8B-B213-BC2FEF7DA755}.Azure|Any CPU.Build.0 = Azure|Any CPU
		{14C0E201-EA6F-4E8B-B213-BC2FEF7DA755}.Azure|x86.ActiveCfg = Azure|Any CPU
		{14C0E201-EA6F-4E8B-B213-BC2FEF7DA755}.Azuure|Any CPU.ActiveCfg = Azuure|Any CPU
		{14C0E201-EA6F-4E8B-B213-BC2FEF7DA755}.Azuure|Any CPU.Build.0 = Azuure|Any CPU
		{14C0E201-EA6F-4E8B-B213-BC2FEF7DA755}.Azuure|x86.ActiveCfg = Azuure|Any CPU
		{14C0E201-EA6F-4E8B-B213-BC2FEF7DA755}.Azuuure|Any CPU.ActiveCfg = Azuuure|Any CPU
		{14C0E201-EA6F-4E8B-B213-BC2FEF7DA755}.Azuuure|Any CPU.Build.0 = Azuuure|Any CPU
		{14C0E201-EA6F-4E8B-B213-BC2FEF7DA755}.Azuuure|x86.ActiveCfg = Azuuure|Any CPU
		{14C0E201-EA6F-4E8B-B213-BC2FEF7DA755}.Debug|Any CPU.ActiveCfg = Debug|Any CPU
		{14C0E201-EA6F-4E8B-B213-BC2FEF7DA755}.Debug|Any CPU.Build.0 = Debug|Any CPU
		{14C0E201-EA6F-4E8B-B213-BC2FEF7DA755}.Debug|x86.ActiveCfg = Debug|Any CPU
		{14C0E201-EA6F-4E8B-B213-BC2FEF7DA755}.Mattias|Any CPU.ActiveCfg = Mattias|Any CPU
		{14C0E201-EA6F-4E8B-B213-BC2FEF7DA755}.Mattias|Any CPU.Build.0 = Mattias|Any CPU
		{14C0E201-EA6F-4E8B-B213-BC2FEF7DA755}.Mattias|x86.ActiveCfg = Mattias|Any CPU
		{14C0E201-EA6F-4E8B-B213-BC2FEF7DA755}.Release|Any CPU.ActiveCfg = Release|Any CPU
		{14C0E201-EA6F-4E8B-B213-BC2FEF7DA755}.Release|Any CPU.Build.0 = Release|Any CPU
		{14C0E201-EA6F-4E8B-B213-BC2FEF7DA755}.Release|x86.ActiveCfg = Release|Any CPU
		{5CBC7639-48CA-4BC5-B676-974150C0AE0B}.Azure|Any CPU.ActiveCfg = Azure|Any CPU
		{5CBC7639-48CA-4BC5-B676-974150C0AE0B}.Azure|Any CPU.Build.0 = Azure|Any CPU
		{5CBC7639-48CA-4BC5-B676-974150C0AE0B}.Azure|x86.ActiveCfg = Azure|Any CPU
		{5CBC7639-48CA-4BC5-B676-974150C0AE0B}.Azuure|Any CPU.ActiveCfg = Azuure|Any CPU
		{5CBC7639-48CA-4BC5-B676-974150C0AE0B}.Azuure|Any CPU.Build.0 = Azuure|Any CPU
		{5CBC7639-48CA-4BC5-B676-974150C0AE0B}.Azuure|x86.ActiveCfg = Azuure|Any CPU
		{5CBC7639-48CA-4BC5-B676-974150C0AE0B}.Azuuure|Any CPU.ActiveCfg = Azuuure|Any CPU
		{5CBC7639-48CA-4BC5-B676-974150C0AE0B}.Azuuure|Any CPU.Build.0 = Azuuure|Any CPU
		{5CBC7639-48CA-4BC5-B676-974150C0AE0B}.Azuuure|x86.ActiveCfg = Azuuure|Any CPU
		{5CBC7639-48CA-4BC5-B676-974150C0AE0B}.Debug|Any CPU.ActiveCfg = Debug|Any CPU
		{5CBC7639-48CA-4BC5-B676-974150C0AE0B}.Debug|Any CPU.Build.0 = Debug|Any CPU
		{5CBC7639-48CA-4BC5-B676-974150C0AE0B}.Debug|x86.ActiveCfg = Debug|Any CPU
		{5CBC7639-48CA-4BC5-B676-974150C0AE0B}.Mattias|Any CPU.ActiveCfg = Mattias|Any CPU
		{5CBC7639-48CA-4BC5-B676-974150C0AE0B}.Mattias|Any CPU.Build.0 = Mattias|Any CPU
		{5CBC7639-48CA-4BC5-B676-974150C0AE0B}.Mattias|x86.ActiveCfg = Mattias|Any CPU
		{5CBC7639-48CA-4BC5-B676-974150C0AE0B}.Release|Any CPU.ActiveCfg = Release|Any CPU
		{5CBC7639-48CA-4BC5-B676-974150C0AE0B}.Release|Any CPU.Build.0 = Release|Any CPU
		{5CBC7639-48CA-4BC5-B676-974150C0AE0B}.Release|x86.ActiveCfg = Release|Any CPU
		{FD69897D-C279-4125-AD53-1E29E6BF33D5}.Azure|Any CPU.ActiveCfg = Azure|Any CPU
		{FD69897D-C279-4125-AD53-1E29E6BF33D5}.Azure|Any CPU.Build.0 = Azure|Any CPU
		{FD69897D-C279-4125-AD53-1E29E6BF33D5}.Azure|x86.ActiveCfg = Azure|Any CPU
		{FD69897D-C279-4125-AD53-1E29E6BF33D5}.Azuure|Any CPU.ActiveCfg = Azuure|Any CPU
		{FD69897D-C279-4125-AD53-1E29E6BF33D5}.Azuure|Any CPU.Build.0 = Azuure|Any CPU
		{FD69897D-C279-4125-AD53-1E29E6BF33D5}.Azuure|x86.ActiveCfg = Azuure|Any CPU
		{FD69897D-C279-4125-AD53-1E29E6BF33D5}.Azuuure|Any CPU.ActiveCfg = Azuuure|Any CPU
		{FD69897D-C279-4125-AD53-1E29E6BF33D5}.Azuuure|Any CPU.Build.0 = Azuuure|Any CPU
		{FD69897D-C279-4125-AD53-1E29E6BF33D5}.Azuuure|x86.ActiveCfg = Azuuure|Any CPU
		{FD69897D-C279-4125-AD53-1E29E6BF33D5}.Debug|Any CPU.ActiveCfg = Debug|Any CPU
		{FD69897D-C279-4125-AD53-1E29E6BF33D5}.Debug|Any CPU.Build.0 = Debug|Any CPU
		{FD69897D-C279-4125-AD53-1E29E6BF33D5}.Debug|x86.ActiveCfg = Debug|Any CPU
		{FD69897D-C279-4125-AD53-1E29E6BF33D5}.Mattias|Any CPU.ActiveCfg = Mattias|Any CPU
		{FD69897D-C279-4125-AD53-1E29E6BF33D5}.Mattias|Any CPU.Build.0 = Mattias|Any CPU
		{FD69897D-C279-4125-AD53-1E29E6BF33D5}.Mattias|x86.ActiveCfg = Mattias|Any CPU
		{FD69897D-C279-4125-AD53-1E29E6BF33D5}.Release|Any CPU.ActiveCfg = Release|Any CPU
		{FD69897D-C279-4125-AD53-1E29E6BF33D5}.Release|Any CPU.Build.0 = Release|Any CPU
		{FD69897D-C279-4125-AD53-1E29E6BF33D5}.Release|x86.ActiveCfg = Release|Any CPU
		{FB01E018-7D25-41F8-836F-8BBA3485FDD6}.Azure|Any CPU.ActiveCfg = Azure|Any CPU
		{FB01E018-7D25-41F8-836F-8BBA3485FDD6}.Azure|Any CPU.Build.0 = Azure|Any CPU
		{FB01E018-7D25-41F8-836F-8BBA3485FDD6}.Azure|x86.ActiveCfg = Azure|Any CPU
		{FB01E018-7D25-41F8-836F-8BBA3485FDD6}.Azuure|Any CPU.ActiveCfg = Azuure|Any CPU
		{FB01E018-7D25-41F8-836F-8BBA3485FDD6}.Azuure|Any CPU.Build.0 = Azuure|Any CPU
		{FB01E018-7D25-41F8-836F-8BBA3485FDD6}.Azuure|x86.ActiveCfg = Azuure|Any CPU
		{FB01E018-7D25-41F8-836F-8BBA3485FDD6}.Azuuure|Any CPU.ActiveCfg = Azuuure|Any CPU
		{FB01E018-7D25-41F8-836F-8BBA3485FDD6}.Azuuure|Any CPU.Build.0 = Azuuure|Any CPU
		{FB01E018-7D25-41F8-836F-8BBA3485FDD6}.Azuuure|x86.ActiveCfg = Azuuure|Any CPU
		{FB01E018-7D25-41F8-836F-8BBA3485FDD6}.Debug|Any CPU.ActiveCfg = Debug|Any CPU
		{FB01E018-7D25-41F8-836F-8BBA3485FDD6}.Debug|Any CPU.Build.0 = Debug|Any CPU
		{FB01E018-7D25-41F8-836F-8BBA3485FDD6}.Debug|x86.ActiveCfg = Debug|Any CPU
		{FB01E018-7D25-41F8-836F-8BBA3485FDD6}.Mattias|Any CPU.ActiveCfg = Mattias|Any CPU
		{FB01E018-7D25-41F8-836F-8BBA3485FDD6}.Mattias|Any CPU.Build.0 = Mattias|Any CPU
		{FB01E018-7D25-41F8-836F-8BBA3485FDD6}.Mattias|x86.ActiveCfg = Mattias|Any CPU
		{FB01E018-7D25-41F8-836F-8BBA3485FDD6}.Release|Any CPU.ActiveCfg = Release|Any CPU
		{FB01E018-7D25-41F8-836F-8BBA3485FDD6}.Release|Any CPU.Build.0 = Release|Any CPU
		{FB01E018-7D25-41F8-836F-8BBA3485FDD6}.Release|x86.ActiveCfg = Release|Any CPU
		{90D5EF57-93E5-473F-AC59-C8C5C8C51C76}.Azure|Any CPU.ActiveCfg = Azure|Any CPU
		{90D5EF57-93E5-473F-AC59-C8C5C8C51C76}.Azure|Any CPU.Build.0 = Azure|Any CPU
		{90D5EF57-93E5-473F-AC59-C8C5C8C51C76}.Azure|x86.ActiveCfg = Azure|Any CPU
		{90D5EF57-93E5-473F-AC59-C8C5C8C51C76}.Azuure|Any CPU.ActiveCfg = Azuure|Any CPU
		{90D5EF57-93E5-473F-AC59-C8C5C8C51C76}.Azuure|Any CPU.Build.0 = Azuure|Any CPU
		{90D5EF57-93E5-473F-AC59-C8C5C8C51C76}.Azuure|x86.ActiveCfg = Azuure|Any CPU
		{90D5EF57-93E5-473F-AC59-C8C5C8C51C76}.Azuuure|Any CPU.ActiveCfg = Azuuure|Any CPU
		{90D5EF57-93E5-473F-AC59-C8C5C8C51C76}.Azuuure|Any CPU.Build.0 = Azuuure|Any CPU
		{90D5EF57-93E5-473F-AC59-C8C5C8C51C76}.Azuuure|x86.ActiveCfg = Azuuure|Any CPU
		{90D5EF57-93E5-473F-AC59-C8C5C8C51C76}.Debug|Any CPU.ActiveCfg = Debug|Any CPU
		{90D5EF57-93E5-473F-AC59-C8C5C8C51C76}.Debug|Any CPU.Build.0 = Debug|Any CPU
		{90D5EF57-93E5-473F-AC59-C8C5C8C51C76}.Debug|x86.ActiveCfg = Debug|Any CPU
		{90D5EF57-93E5-473F-AC59-C8C5C8C51C76}.Mattias|Any CPU.ActiveCfg = Mattias|Any CPU
		{90D5EF57-93E5-473F-AC59-C8C5C8C51C76}.Mattias|Any CPU.Build.0 = Mattias|Any CPU
		{90D5EF57-93E5-473F-AC59-C8C5C8C51C76}.Mattias|x86.ActiveCfg = Mattias|Any CPU
		{90D5EF57-93E5-473F-AC59-C8C5C8C51C76}.Release|Any CPU.ActiveCfg = Release|Any CPU
		{90D5EF57-93E5-473F-AC59-C8C5C8C51C76}.Release|Any CPU.Build.0 = Release|Any CPU
		{90D5EF57-93E5-473F-AC59-C8C5C8C51C76}.Release|x86.ActiveCfg = Release|Any CPU
		{13ACE13C-6050-4C40-814C-9927AACCB0E7}.Azure|Any CPU.ActiveCfg = Azure|Any CPU
		{13ACE13C-6050-4C40-814C-9927AACCB0E7}.Azure|Any CPU.Build.0 = Azure|Any CPU
		{13ACE13C-6050-4C40-814C-9927AACCB0E7}.Azure|x86.ActiveCfg = Azure|Any CPU
		{13ACE13C-6050-4C40-814C-9927AACCB0E7}.Azuure|Any CPU.ActiveCfg = Azuure|Any CPU
		{13ACE13C-6050-4C40-814C-9927AACCB0E7}.Azuure|Any CPU.Build.0 = Azuure|Any CPU
		{13ACE13C-6050-4C40-814C-9927AACCB0E7}.Azuure|x86.ActiveCfg = Azuure|Any CPU
		{13ACE13C-6050-4C40-814C-9927AACCB0E7}.Azuuure|Any CPU.ActiveCfg = Azuuure|Any CPU
		{13ACE13C-6050-4C40-814C-9927AACCB0E7}.Azuuure|Any CPU.Build.0 = Azuuure|Any CPU
		{13ACE13C-6050-4C40-814C-9927AACCB0E7}.Azuuure|x86.ActiveCfg = Azuuure|Any CPU
		{13ACE13C-6050-4C40-814C-9927AACCB0E7}.Debug|Any CPU.ActiveCfg = Debug|Any CPU
		{13ACE13C-6050-4C40-814C-9927AACCB0E7}.Debug|Any CPU.Build.0 = Debug|Any CPU
		{13ACE13C-6050-4C40-814C-9927AACCB0E7}.Debug|x86.ActiveCfg = Debug|Any CPU
		{13ACE13C-6050-4C40-814C-9927AACCB0E7}.Mattias|Any CPU.ActiveCfg = Mattias|Any CPU
		{13ACE13C-6050-4C40-814C-9927AACCB0E7}.Mattias|Any CPU.Build.0 = Mattias|Any CPU
		{13ACE13C-6050-4C40-814C-9927AACCB0E7}.Mattias|x86.ActiveCfg = Mattias|Any CPU
		{13ACE13C-6050-4C40-814C-9927AACCB0E7}.Release|Any CPU.ActiveCfg = Release|Any CPU
		{13ACE13C-6050-4C40-814C-9927AACCB0E7}.Release|Any CPU.Build.0 = Release|Any CPU
		{13ACE13C-6050-4C40-814C-9927AACCB0E7}.Release|x86.ActiveCfg = Release|Any CPU
		{2C886A5D-6E8C-4C6E-A4E4-79CDD2BEA524}.Azure|Any CPU.ActiveCfg = Azure|Any CPU
		{2C886A5D-6E8C-4C6E-A4E4-79CDD2BEA524}.Azure|Any CPU.Build.0 = Azure|Any CPU
		{2C886A5D-6E8C-4C6E-A4E4-79CDD2BEA524}.Azure|x86.ActiveCfg = Azure|Any CPU
		{2C886A5D-6E8C-4C6E-A4E4-79CDD2BEA524}.Azuure|Any CPU.ActiveCfg = Azuure|Any CPU
		{2C886A5D-6E8C-4C6E-A4E4-79CDD2BEA524}.Azuure|Any CPU.Build.0 = Azuure|Any CPU
		{2C886A5D-6E8C-4C6E-A4E4-79CDD2BEA524}.Azuure|x86.ActiveCfg = Azuure|Any CPU
		{2C886A5D-6E8C-4C6E-A4E4-79CDD2BEA524}.Azuuure|Any CPU.ActiveCfg = Azuuure|Any CPU
		{2C886A5D-6E8C-4C6E-A4E4-79CDD2BEA524}.Azuuure|Any CPU.Build.0 = Azuuure|Any CPU
		{2C886A5D-6E8C-4C6E-A4E4-79CDD2BEA524}.Azuuure|x86.ActiveCfg = Azuuure|Any CPU
		{2C886A5D-6E8C-4C6E-A4E4-79CDD2BEA524}.Debug|Any CPU.ActiveCfg = Debug|Any CPU
		{2C886A5D-6E8C-4C6E-A4E4-79CDD2BEA524}.Debug|Any CPU.Build.0 = Debug|Any CPU
		{2C886A5D-6E8C-4C6E-A4E4-79CDD2BEA524}.Debug|x86.ActiveCfg = Debug|Any CPU
		{2C886A5D-6E8C-4C6E-A4E4-79CDD2BEA524}.Mattias|Any CPU.ActiveCfg = Mattias|Any CPU
		{2C886A5D-6E8C-4C6E-A4E4-79CDD2BEA524}.Mattias|Any CPU.Build.0 = Mattias|Any CPU
		{2C886A5D-6E8C-4C6E-A4E4-79CDD2BEA524}.Mattias|x86.ActiveCfg = Mattias|Any CPU
		{2C886A5D-6E8C-4C6E-A4E4-79CDD2BEA524}.Release|Any CPU.ActiveCfg = Release|Any CPU
		{2C886A5D-6E8C-4C6E-A4E4-79CDD2BEA524}.Release|Any CPU.Build.0 = Release|Any CPU
		{2C886A5D-6E8C-4C6E-A4E4-79CDD2BEA524}.Release|x86.ActiveCfg = Release|Any CPU
		{CB264533-D994-489D-ADE4-569FF44DDF40}.Azure|Any CPU.ActiveCfg = Azure|Any CPU
		{CB264533-D994-489D-ADE4-569FF44DDF40}.Azure|Any CPU.Build.0 = Azure|Any CPU
		{CB264533-D994-489D-ADE4-569FF44DDF40}.Azure|x86.ActiveCfg = Azure|x86
		{CB264533-D994-489D-ADE4-569FF44DDF40}.Azure|x86.Build.0 = Azure|x86
		{CB264533-D994-489D-ADE4-569FF44DDF40}.Azuure|Any CPU.ActiveCfg = Azuure|Any CPU
		{CB264533-D994-489D-ADE4-569FF44DDF40}.Azuure|Any CPU.Build.0 = Azuure|Any CPU
		{CB264533-D994-489D-ADE4-569FF44DDF40}.Azuure|x86.ActiveCfg = Azuure|x86
		{CB264533-D994-489D-ADE4-569FF44DDF40}.Azuure|x86.Build.0 = Azuure|x86
		{CB264533-D994-489D-ADE4-569FF44DDF40}.Azuuure|Any CPU.ActiveCfg = Azuuure|Any CPU
		{CB264533-D994-489D-ADE4-569FF44DDF40}.Azuuure|Any CPU.Build.0 = Azuuure|Any CPU
		{CB264533-D994-489D-ADE4-569FF44DDF40}.Azuuure|x86.ActiveCfg = Azuuure|x86
		{CB264533-D994-489D-ADE4-569FF44DDF40}.Azuuure|x86.Build.0 = Azuuure|x86
		{CB264533-D994-489D-ADE4-569FF44DDF40}.Debug|Any CPU.ActiveCfg = Debug|Any CPU
		{CB264533-D994-489D-ADE4-569FF44DDF40}.Debug|Any CPU.Build.0 = Debug|Any CPU
		{CB264533-D994-489D-ADE4-569FF44DDF40}.Debug|x86.ActiveCfg = Debug|x86
		{CB264533-D994-489D-ADE4-569FF44DDF40}.Debug|x86.Build.0 = Debug|x86
		{CB264533-D994-489D-ADE4-569FF44DDF40}.Mattias|Any CPU.ActiveCfg = Mattias|Any CPU
		{CB264533-D994-489D-ADE4-569FF44DDF40}.Mattias|Any CPU.Build.0 = Mattias|Any CPU
		{CB264533-D994-489D-ADE4-569FF44DDF40}.Mattias|x86.ActiveCfg = Mattias|x86
		{CB264533-D994-489D-ADE4-569FF44DDF40}.Mattias|x86.Build.0 = Mattias|x86
		{CB264533-D994-489D-ADE4-569FF44DDF40}.Release|Any CPU.ActiveCfg = Release|Any CPU
		{CB264533-D994-489D-ADE4-569FF44DDF40}.Release|Any CPU.Build.0 = Release|Any CPU
		{CB264533-D994-489D-ADE4-569FF44DDF40}.Release|x86.ActiveCfg = Release|x86
		{CB264533-D994-489D-ADE4-569FF44DDF40}.Release|x86.Build.0 = Release|x86
		{73C7F049-7E42-45A7-A588-4CCDAEA145CF}.Azure|Any CPU.ActiveCfg = Azure|Any CPU
		{73C7F049-7E42-45A7-A588-4CCDAEA145CF}.Azure|Any CPU.Build.0 = Azure|Any CPU
		{73C7F049-7E42-45A7-A588-4CCDAEA145CF}.Azure|x86.ActiveCfg = Azure|Any CPU
		{73C7F049-7E42-45A7-A588-4CCDAEA145CF}.Azuure|Any CPU.ActiveCfg = Azuure|Any CPU
		{73C7F049-7E42-45A7-A588-4CCDAEA145CF}.Azuure|Any CPU.Build.0 = Azuure|Any CPU
		{73C7F049-7E42-45A7-A588-4CCDAEA145CF}.Azuure|x86.ActiveCfg = Azuure|Any CPU
		{73C7F049-7E42-45A7-A588-4CCDAEA145CF}.Azuuure|Any CPU.ActiveCfg = Azuuure|Any CPU
		{73C7F049-7E42-45A7-A588-4CCDAEA145CF}.Azuuure|Any CPU.Build.0 = Azuuure|Any CPU
		{73C7F049-7E42-45A7-A588-4CCDAEA145CF}.Azuuure|x86.ActiveCfg = Azuuure|Any CPU
		{73C7F049-7E42-45A7-A588-4CCDAEA145CF}.Debug|Any CPU.ActiveCfg = Debug|Any CPU
		{73C7F049-7E42-45A7-A588-4CCDAEA145CF}.Debug|Any CPU.Build.0 = Debug|Any CPU
		{73C7F049-7E42-45A7-A588-4CCDAEA145CF}.Debug|x86.ActiveCfg = Debug|Any CPU
		{73C7F049-7E42-45A7-A588-4CCDAEA145CF}.Mattias|Any CPU.ActiveCfg = Mattias|Any CPU
		{73C7F049-7E42-45A7-A588-4CCDAEA145CF}.Mattias|Any CPU.Build.0 = Mattias|Any CPU
		{73C7F049-7E42-45A7-A588-4CCDAEA145CF}.Mattias|x86.ActiveCfg = Mattias|Any CPU
		{73C7F049-7E42-45A7-A588-4CCDAEA145CF}.Release|Any CPU.ActiveCfg = Release|Any CPU
		{73C7F049-7E42-45A7-A588-4CCDAEA145CF}.Release|Any CPU.Build.0 = Release|Any CPU
		{73C7F049-7E42-45A7-A588-4CCDAEA145CF}.Release|x86.ActiveCfg = Release|Any CPU
		{954E9FB5-398F-4F48-B5E7-54F8B8C63E0B}.Azure|Any CPU.ActiveCfg = Azure|Any CPU
		{954E9FB5-398F-4F48-B5E7-54F8B8C63E0B}.Azure|Any CPU.Build.0 = Azure|Any CPU
		{954E9FB5-398F-4F48-B5E7-54F8B8C63E0B}.Azure|x86.ActiveCfg = Azure|Any CPU
		{954E9FB5-398F-4F48-B5E7-54F8B8C63E0B}.Azuure|Any CPU.ActiveCfg = Azuure|Any CPU
		{954E9FB5-398F-4F48-B5E7-54F8B8C63E0B}.Azuure|Any CPU.Build.0 = Azuure|Any CPU
		{954E9FB5-398F-4F48-B5E7-54F8B8C63E0B}.Azuure|x86.ActiveCfg = Azuure|Any CPU
		{954E9FB5-398F-4F48-B5E7-54F8B8C63E0B}.Azuuure|Any CPU.ActiveCfg = Azuuure|Any CPU
		{954E9FB5-398F-4F48-B5E7-54F8B8C63E0B}.Azuuure|Any CPU.Build.0 = Azuuure|Any CPU
		{954E9FB5-398F-4F48-B5E7-54F8B8C63E0B}.Azuuure|x86.ActiveCfg = Azuuure|Any CPU
		{954E9FB5-398F-4F48-B5E7-54F8B8C63E0B}.Debug|Any CPU.ActiveCfg = Debug|Any CPU
		{954E9FB5-398F-4F48-B5E7-54F8B8C63E0B}.Debug|Any CPU.Build.0 = Debug|Any CPU
		{954E9FB5-398F-4F48-B5E7-54F8B8C63E0B}.Debug|x86.ActiveCfg = Debug|Any CPU
		{954E9FB5-398F-4F48-B5E7-54F8B8C63E0B}.Mattias|Any CPU.ActiveCfg = Mattias|Any CPU
		{954E9FB5-398F-4F48-B5E7-54F8B8C63E0B}.Mattias|Any CPU.Build.0 = Mattias|Any CPU
		{954E9FB5-398F-4F48-B5E7-54F8B8C63E0B}.Mattias|x86.ActiveCfg = Mattias|Any CPU
		{954E9FB5-398F-4F48-B5E7-54F8B8C63E0B}.Release|Any CPU.ActiveCfg = Release|Any CPU
		{954E9FB5-398F-4F48-B5E7-54F8B8C63E0B}.Release|Any CPU.Build.0 = Release|Any CPU
		{954E9FB5-398F-4F48-B5E7-54F8B8C63E0B}.Release|x86.ActiveCfg = Release|Any CPU
		{7093F6E3-4F47-448B-A8D3-0712A850904B}.Azure|Any CPU.ActiveCfg = Azure|Any CPU
		{7093F6E3-4F47-448B-A8D3-0712A850904B}.Azure|Any CPU.Build.0 = Azure|Any CPU
		{7093F6E3-4F47-448B-A8D3-0712A850904B}.Azure|x86.ActiveCfg = Azure|Any CPU
		{7093F6E3-4F47-448B-A8D3-0712A850904B}.Azuure|Any CPU.ActiveCfg = Azuure|Any CPU
		{7093F6E3-4F47-448B-A8D3-0712A850904B}.Azuure|Any CPU.Build.0 = Azuure|Any CPU
		{7093F6E3-4F47-448B-A8D3-0712A850904B}.Azuure|x86.ActiveCfg = Azuure|Any CPU
		{7093F6E3-4F47-448B-A8D3-0712A850904B}.Azuuure|Any CPU.ActiveCfg = Azuuure|Any CPU
		{7093F6E3-4F47-448B-A8D3-0712A850904B}.Azuuure|Any CPU.Build.0 = Azuuure|Any CPU
		{7093F6E3-4F47-448B-A8D3-0712A850904B}.Azuuure|x86.ActiveCfg = Azuuure|Any CPU
		{7093F6E3-4F47-448B-A8D3-0712A850904B}.Debug|Any CPU.ActiveCfg = Debug|Any CPU
		{7093F6E3-4F47-448B-A8D3-0712A850904B}.Debug|Any CPU.Build.0 = Debug|Any CPU
		{7093F6E3-4F47-448B-A8D3-0712A850904B}.Debug|x86.ActiveCfg = Debug|Any CPU
		{7093F6E3-4F47-448B-A8D3-0712A850904B}.Mattias|Any CPU.ActiveCfg = Mattias|Any CPU
		{7093F6E3-4F47-448B-A8D3-0712A850904B}.Mattias|Any CPU.Build.0 = Mattias|Any CPU
		{7093F6E3-4F47-448B-A8D3-0712A850904B}.Mattias|x86.ActiveCfg = Mattias|Any CPU
		{7093F6E3-4F47-448B-A8D3-0712A850904B}.Release|Any CPU.ActiveCfg = Release|Any CPU
		{7093F6E3-4F47-448B-A8D3-0712A850904B}.Release|Any CPU.Build.0 = Release|Any CPU
		{7093F6E3-4F47-448B-A8D3-0712A850904B}.Release|x86.ActiveCfg = Release|Any CPU
		{ECF21B3F-C01B-45FF-A407-2F03AB4EE8BB}.Azure|Any CPU.ActiveCfg = Azure|Any CPU
		{ECF21B3F-C01B-45FF-A407-2F03AB4EE8BB}.Azure|Any CPU.Build.0 = Azure|Any CPU
		{ECF21B3F-C01B-45FF-A407-2F03AB4EE8BB}.Azure|x86.ActiveCfg = Azure|Any CPU
		{ECF21B3F-C01B-45FF-A407-2F03AB4EE8BB}.Azuure|Any CPU.ActiveCfg = Azuure|Any CPU
		{ECF21B3F-C01B-45FF-A407-2F03AB4EE8BB}.Azuure|Any CPU.Build.0 = Azuure|Any CPU
		{ECF21B3F-C01B-45FF-A407-2F03AB4EE8BB}.Azuure|x86.ActiveCfg = Azuure|Any CPU
		{ECF21B3F-C01B-45FF-A407-2F03AB4EE8BB}.Azuuure|Any CPU.ActiveCfg = Azuuure|Any CPU
		{ECF21B3F-C01B-45FF-A407-2F03AB4EE8BB}.Azuuure|Any CPU.Build.0 = Azuuure|Any CPU
		{ECF21B3F-C01B-45FF-A407-2F03AB4EE8BB}.Azuuure|x86.ActiveCfg = Azuuure|Any CPU
		{ECF21B3F-C01B-45FF-A407-2F03AB4EE8BB}.Debug|Any CPU.ActiveCfg = Debug|Any CPU
		{ECF21B3F-C01B-45FF-A407-2F03AB4EE8BB}.Debug|Any CPU.Build.0 = Debug|Any CPU
		{ECF21B3F-C01B-45FF-A407-2F03AB4EE8BB}.Debug|x86.ActiveCfg = Debug|Any CPU
		{ECF21B3F-C01B-45FF-A407-2F03AB4EE8BB}.Mattias|Any CPU.ActiveCfg = Mattias|Any CPU
		{ECF21B3F-C01B-45FF-A407-2F03AB4EE8BB}.Mattias|Any CPU.Build.0 = Mattias|Any CPU
		{ECF21B3F-C01B-45FF-A407-2F03AB4EE8BB}.Mattias|x86.ActiveCfg = Mattias|Any CPU
		{ECF21B3F-C01B-45FF-A407-2F03AB4EE8BB}.Release|Any CPU.ActiveCfg = Release|Any CPU
		{ECF21B3F-C01B-45FF-A407-2F03AB4EE8BB}.Release|Any CPU.Build.0 = Release|Any CPU
		{ECF21B3F-C01B-45FF-A407-2F03AB4EE8BB}.Release|x86.ActiveCfg = Release|Any CPU
		{E73DF658-06F7-47B2-B231-4DEDD4F4C263}.Azure|Any CPU.ActiveCfg = Azuuure|Any CPU
		{E73DF658-06F7-47B2-B231-4DEDD4F4C263}.Azure|Any CPU.Build.0 = Azuuure|Any CPU
		{E73DF658-06F7-47B2-B231-4DEDD4F4C263}.Azure|x86.ActiveCfg = Azuuure|Any CPU
		{E73DF658-06F7-47B2-B231-4DEDD4F4C263}.Azuure|Any CPU.ActiveCfg = Azuure|Any CPU
		{E73DF658-06F7-47B2-B231-4DEDD4F4C263}.Azuure|Any CPU.Build.0 = Azuure|Any CPU
		{E73DF658-06F7-47B2-B231-4DEDD4F4C263}.Azuure|x86.ActiveCfg = Azuure|Any CPU
		{E73DF658-06F7-47B2-B231-4DEDD4F4C263}.Azuuure|Any CPU.ActiveCfg = Azuuure|Any CPU
		{E73DF658-06F7-47B2-B231-4DEDD4F4C263}.Azuuure|Any CPU.Build.0 = Azuuure|Any CPU
		{E73DF658-06F7-47B2-B231-4DEDD4F4C263}.Azuuure|x86.ActiveCfg = Azuuure|Any CPU
		{E73DF658-06F7-47B2-B231-4DEDD4F4C263}.Debug|Any CPU.ActiveCfg = Debug|Any CPU
		{E73DF658-06F7-47B2-B231-4DEDD4F4C263}.Debug|Any CPU.Build.0 = Debug|Any CPU
		{E73DF658-06F7-47B2-B231-4DEDD4F4C263}.Debug|x86.ActiveCfg = Debug|Any CPU
		{E73DF658-06F7-47B2-B231-4DEDD4F4C263}.Mattias|Any CPU.ActiveCfg = Azuuure|Any CPU
		{E73DF658-06F7-47B2-B231-4DEDD4F4C263}.Mattias|Any CPU.Build.0 = Azuuure|Any CPU
		{E73DF658-06F7-47B2-B231-4DEDD4F4C263}.Mattias|x86.ActiveCfg = Azuuure|Any CPU
		{E73DF658-06F7-47B2-B231-4DEDD4F4C263}.Release|Any CPU.ActiveCfg = Release|Any CPU
		{E73DF658-06F7-47B2-B231-4DEDD4F4C263}.Release|Any CPU.Build.0 = Release|Any CPU
		{E73DF658-06F7-47B2-B231-4DEDD4F4C263}.Release|x86.ActiveCfg = Release|Any CPU
	EndGlobalSection
	GlobalSection(SolutionProperties) = preSolution
		HideSolutionNode = FALSE
	EndGlobalSection
	GlobalSection(NestedProjects) = preSolution
		{E49A667E-49C4-4C8E-8D0D-D3E89D1238D9} = {78ACC352-C471-44F4-86FA-90EEE6CA1F19}
		{156EC5E4-D35E-4D78-90FE-4AD0C0799F41} = {78ACC352-C471-44F4-86FA-90EEE6CA1F19}
		{55026743-759D-4DC1-9BEA-71C9C84CB752} = {DC09898F-EB83-4646-A0C4-BB6318D3DBAE}
		{B8CE3EB0-E4B5-4BF9-AA63-40920AF7036E} = {FDA32DCD-44C2-4DBB-8FF5-6A58C145747C}
		{18DBA1E5-3008-4CE4-B3E7-EE449C74909F} = {7194C7B6-B26F-461B-B05F-E2DD779F0380}
		{02329D56-63CF-46BE-B7E7-374EE13E34B9} = {7194C7B6-B26F-461B-B05F-E2DD779F0380}
		{82B80CC9-73CC-46A4-BFD0-992E730C9A06} = {7194C7B6-B26F-461B-B05F-E2DD779F0380}
		{7B085EFF-748E-4F04-8B71-D5A0480694E6} = {7194C7B6-B26F-461B-B05F-E2DD779F0380}
		{59E74809-0470-4C0D-A1FE-1D725F31ADE0} = {7194C7B6-B26F-461B-B05F-E2DD779F0380}
		{BE8C19FE-D360-493C-9FA9-D07F714D6806} = {7194C7B6-B26F-461B-B05F-E2DD779F0380}
		{FBBBC461-0345-4C40-BAE2-C2736E749FE7} = {7194C7B6-B26F-461B-B05F-E2DD779F0380}
		{3ECE6E54-C14F-4400-9311-224A1DFECB12} = {18DBA1E5-3008-4CE4-B3E7-EE449C74909F}
		{853709BD-32CF-4BA9-92EA-B2CBAA0B5960} = {18DBA1E5-3008-4CE4-B3E7-EE449C74909F}
		{E22F8A07-030E-40E7-A213-06BDE26541F8} = {18DBA1E5-3008-4CE4-B3E7-EE449C74909F}
		{BB5D24D1-D524-40A3-B1C3-D9CF405961CF} = {18DBA1E5-3008-4CE4-B3E7-EE449C74909F}
		{CE414541-A660-4B21-A12F-B7B32986475F} = {02329D56-63CF-46BE-B7E7-374EE13E34B9}
		{4C445136-03F6-44AC-9D33-9653D35801FE} = {02329D56-63CF-46BE-B7E7-374EE13E34B9}
		{B0B17E11-99CC-4561-84D2-163ADE948BCA} = {02329D56-63CF-46BE-B7E7-374EE13E34B9}
		{5574E8BF-6F17-4ED9-8F4D-6D256CD573F7} = {02329D56-63CF-46BE-B7E7-374EE13E34B9}
		{B74202EF-F5A9-4713-90E8-0965DFA77E3D} = {82B80CC9-73CC-46A4-BFD0-992E730C9A06}
		{E36A0CF0-EE5D-4B6C-8A88-31889E5EBFDF} = {82B80CC9-73CC-46A4-BFD0-992E730C9A06}
		{66D0DF69-CE64-4044-9637-407F052F1702} = {82B80CC9-73CC-46A4-BFD0-992E730C9A06}
		{8DADE5F7-BCF1-4DF0-8349-6E784BFA3853} = {82B80CC9-73CC-46A4-BFD0-992E730C9A06}
		{14C0E201-EA6F-4E8B-B213-BC2FEF7DA755} = {82B80CC9-73CC-46A4-BFD0-992E730C9A06}
		{5CBC7639-48CA-4BC5-B676-974150C0AE0B} = {82B80CC9-73CC-46A4-BFD0-992E730C9A06}
		{CEE09D3B-0063-40FE-AAB0-CBDE2BDD091D} = {7B085EFF-748E-4F04-8B71-D5A0480694E6}
		{CBDF1D3E-DEDB-4EF0-9418-0158F53C990D} = {7B085EFF-748E-4F04-8B71-D5A0480694E6}
		{4031A224-D98C-4FF3-A563-A19A2288FC4C} = {7B085EFF-748E-4F04-8B71-D5A0480694E6}
		{90D5EF57-93E5-473F-AC59-C8C5C8C51C76} = {7B085EFF-748E-4F04-8B71-D5A0480694E6}
		{E9CB2E17-48B5-4691-8D12-2D4EAEE2D85B} = {59E74809-0470-4C0D-A1FE-1D725F31ADE0}
		{721C9E90-8C21-4784-A767-DE733181EAD8} = {59E74809-0470-4C0D-A1FE-1D725F31ADE0}
		{B9DDA714-991A-4151-8E62-F683B1F85D48} = {59E74809-0470-4C0D-A1FE-1D725F31ADE0}
		{42DB3746-9B85-4360-AE86-6BC6B03DC70A} = {59E74809-0470-4C0D-A1FE-1D725F31ADE0}
		{FD69897D-C279-4125-AD53-1E29E6BF33D5} = {59E74809-0470-4C0D-A1FE-1D725F31ADE0}
		{B3BDA076-1C22-4865-9CD8-6D8C9C093129} = {3ECE6E54-C14F-4400-9311-224A1DFECB12}
		{92D104D1-1712-4458-BD08-B5EBC4479575} = {853709BD-32CF-4BA9-92EA-B2CBAA0B5960}
		{C42543E9-F412-4FEA-A47A-07A55A0ADEBD} = {E22F8A07-030E-40E7-A213-06BDE26541F8}
		{0A214D1E-C2F3-485E-947C-F966B2E67CB9} = {CE414541-A660-4B21-A12F-B7B32986475F}
		{D6F565DA-52C0-4F63-8A94-B93D76493A8D} = {B74202EF-F5A9-4713-90E8-0965DFA77E3D}
		{F62B1B55-11DD-46B0-87DE-C46ADBEB2EF7} = {CEE09D3B-0063-40FE-AAB0-CBDE2BDD091D}
		{B7737ED4-0D28-45A7-91CA-8F65A331F6B9} = {E9CB2E17-48B5-4691-8D12-2D4EAEE2D85B}
		{13ACE13C-6050-4C40-814C-9927AACCB0E7} = {E9CB2E17-48B5-4691-8D12-2D4EAEE2D85B}
		{DE9E4B5E-380A-4F95-BF0E-4530AC1B2F0C} = {4C445136-03F6-44AC-9D33-9653D35801FE}
		{B650DA51-4A23-41AD-9135-4D05363153E0} = {E36A0CF0-EE5D-4B6C-8A88-31889E5EBFDF}
		{5F890C01-B8E7-478E-B4AA-7F87F8DDFAC6} = {CBDF1D3E-DEDB-4EF0-9418-0158F53C990D}
		{8FC81F7A-A73A-44AF-B4DF-884AD2B09475} = {721C9E90-8C21-4784-A767-DE733181EAD8}
		{988E2A6E-ABD2-4498-A26F-8193A72307FF} = {B0B17E11-99CC-4561-84D2-163ADE948BCA}
		{8F865E91-4521-42B8-B482-EE5BD361B7BD} = {66D0DF69-CE64-4044-9637-407F052F1702}
		{671F15FD-E305-47F2-8036-D02E57D9F669} = {4031A224-D98C-4FF3-A563-A19A2288FC4C}
		{935C2265-A93D-4ACB-B5D0-C15F9752BCB0} = {B9DDA714-991A-4151-8E62-F683B1F85D48}
		{7BBDDBDB-7105-4B15-B1A7-5888435B2175} = {BE8C19FE-D360-493C-9FA9-D07F714D6806}
		{701AF70C-61B3-4EDB-9C79-85F7E94E5547} = {BE8C19FE-D360-493C-9FA9-D07F714D6806}
		{593A4C2D-7DC4-4165-84CA-7B32A0DAE671} = {BE8C19FE-D360-493C-9FA9-D07F714D6806}
		{F3E2CF1B-52E8-4FB4-B5D4-6128A65A4F29} = {BE8C19FE-D360-493C-9FA9-D07F714D6806}
		{DDC18790-FD58-43E3-87AF-7026021957EF} = {BE8C19FE-D360-493C-9FA9-D07F714D6806}
		{4B259ABD-289F-4817-A827-FAC916205403} = {7BBDDBDB-7105-4B15-B1A7-5888435B2175}
		{87E980D9-C204-42FC-AA59-0373EBEAFF55} = {701AF70C-61B3-4EDB-9C79-85F7E94E5547}
		{68789E59-88B7-41FF-A537-DFABF449D865} = {593A4C2D-7DC4-4165-84CA-7B32A0DAE671}
		{F5678550-3E37-409C-87A2-C388AC223FE8} = {FBBBC461-0345-4C40-BAE2-C2736E749FE7}
		{2EA84846-865A-4834-9353-60C5E426F882} = {FBBBC461-0345-4C40-BAE2-C2736E749FE7}
		{B4C68FF3-018A-4A80-8336-EB5F965D2727} = {FBBBC461-0345-4C40-BAE2-C2736E749FE7}
		{FB01E018-7D25-41F8-836F-8BBA3485FDD6} = {FBBBC461-0345-4C40-BAE2-C2736E749FE7}
		{D084467C-3CFB-43C6-8035-275A248CF132} = {F5678550-3E37-409C-87A2-C388AC223FE8}
		{96C253B7-6401-4206-9631-3F797F7448D1} = {2EA84846-865A-4834-9353-60C5E426F882}
		{6DDC8956-8E6C-48E4-ABD9-22FFF7A98BDE} = {B4C68FF3-018A-4A80-8336-EB5F965D2727}
		{2C886A5D-6E8C-4C6E-A4E4-79CDD2BEA524} = {F3E2CF1B-52E8-4FB4-B5D4-6128A65A4F29}
		{CB264533-D994-489D-ADE4-569FF44DDF40} = {29D893D9-8F50-412A-8CDC-0F4D972758C7}
		{73C7F049-7E42-45A7-A588-4CCDAEA145CF} = {29D893D9-8F50-412A-8CDC-0F4D972758C7}
		{954E9FB5-398F-4F48-B5E7-54F8B8C63E0B} = {C7B80CAF-B472-45E8-8253-B763C3B662FC}
		{E73DF658-06F7-47B2-B231-4DEDD4F4C263} = {81C75F67-27CA-4CD8-A1FB-FE6F7A4E9EE3}
	EndGlobalSection
EndGlobal
